// !$*UTF8*$!
{
	archiveVersion = 1;
	classes = {
	};
	objectVersion = 46;
	objects = {

/* Begin PBXBuildFile section */
		BEA70815172563480050B71F /* Buffer.cpp in Sources */ = {isa = PBXBuildFile; fileRef = BEA7080A172563480050B71F /* Buffer.cpp */; };
		BEA70816172563480050B71F /* BufferFactory.cpp in Sources */ = {isa = PBXBuildFile; fileRef = BEA7080B172563480050B71F /* BufferFactory.cpp */; };
		BEA70817172563480050B71F /* BufferFactory.h in Headers */ = {isa = PBXBuildFile; fileRef = BEA7080C172563480050B71F /* BufferFactory.h */; };
		BEA70818172563480050B71F /* CommandFactory.cpp in Sources */ = {isa = PBXBuildFile; fileRef = BEA7080D172563480050B71F /* CommandFactory.cpp */; };
		BEA70819172563480050B71F /* GraphicsManager.cpp in Sources */ = {isa = PBXBuildFile; fileRef = BEA7080E172563480050B71F /* GraphicsManager.cpp */; };
		BEA7081A172563480050B71F /* ManagerFactory.cpp in Sources */ = {isa = PBXBuildFile; fileRef = BEA7080F172563480050B71F /* ManagerFactory.cpp */; };
		BEA7081B172563480050B71F /* Object.cpp in Sources */ = {isa = PBXBuildFile; fileRef = BEA70810172563480050B71F /* Object.cpp */; };
		BEA7081C172563480050B71F /* ObjectManager.cpp in Sources */ = {isa = PBXBuildFile; fileRef = BEA70811172563480050B71F /* ObjectManager.cpp */; };
		BEA7081D172563480050B71F /* Pass.cpp in Sources */ = {isa = PBXBuildFile; fileRef = BEA70812172563480050B71F /* Pass.cpp */; };
		BEA7081E172563480050B71F /* ResourceManager.cpp in Sources */ = {isa = PBXBuildFile; fileRef = BEA70813172563480050B71F /* ResourceManager.cpp */; };
		BEA7081F172563480050B71F /* SysmemBuffer.cpp in Sources */ = {isa = PBXBuildFile; fileRef = BEA70814172563480050B71F /* SysmemBuffer.cpp */; };
		BEA70825172563560050B71F /* Technique.cpp in Sources */ = {isa = PBXBuildFile; fileRef = BEA70820172563560050B71F /* Technique.cpp */; };
		BEA70826172563560050B71F /* TechniqueManager.cpp in Sources */ = {isa = PBXBuildFile; fileRef = BEA70821172563560050B71F /* TechniqueManager.cpp */; };
		BEA70827172563560050B71F /* UUID.cpp in Sources */ = {isa = PBXBuildFile; fileRef = BEA70822172563560050B71F /* UUID.cpp */; };
		BEA70828172563560050B71F /* VertexDeclare.cpp in Sources */ = {isa = PBXBuildFile; fileRef = BEA70823172563560050B71F /* VertexDeclare.cpp */; };
		BEA70829172563560050B71F /* Window.cpp in Sources */ = {isa = PBXBuildFile; fileRef = BEA70824172563560050B71F /* Window.cpp */; };
		BEA70836172563630050B71F /* OpenGLClear.cpp in Sources */ = {isa = PBXBuildFile; fileRef = BEA7082A172563630050B71F /* OpenGLClear.cpp */; };
		BEA70837172563630050B71F /* OpenGLClear.h in Headers */ = {isa = PBXBuildFile; fileRef = BEA7082B172563630050B71F /* OpenGLClear.h */; };
		BEA70838172563630050B71F /* OpenGLGraphicsManager.cpp in Sources */ = {isa = PBXBuildFile; fileRef = BEA7082C172563630050B71F /* OpenGLGraphicsManager.cpp */; };
		BEA70839172563630050B71F /* OpenGLGraphicsManager.h in Headers */ = {isa = PBXBuildFile; fileRef = BEA7082D172563630050B71F /* OpenGLGraphicsManager.h */; };
		BEA7083A172563630050B71F /* OpenGLKeyboard.cpp in Sources */ = {isa = PBXBuildFile; fileRef = BEA7082E172563630050B71F /* OpenGLKeyboard.cpp */; };
		BEA7083B172563630050B71F /* OpenGLKeyboard.h in Headers */ = {isa = PBXBuildFile; fileRef = BEA7082F172563630050B71F /* OpenGLKeyboard.h */; };
		BEA7083C172563630050B71F /* OpenGLResourceManager.cpp in Sources */ = {isa = PBXBuildFile; fileRef = BEA70830172563630050B71F /* OpenGLResourceManager.cpp */; };
		BEA7083D172563630050B71F /* OpenGLResourceManager.h in Headers */ = {isa = PBXBuildFile; fileRef = BEA70831172563630050B71F /* OpenGLResourceManager.h */; };
		BEA7083E172563630050B71F /* OpenGLTechniqueManager.cpp in Sources */ = {isa = PBXBuildFile; fileRef = BEA70832172563630050B71F /* OpenGLTechniqueManager.cpp */; };
		BEA7083F172563630050B71F /* OpenGLTechniqueManager.h in Headers */ = {isa = PBXBuildFile; fileRef = BEA70833172563630050B71F /* OpenGLTechniqueManager.h */; };
		BEA70840172563630050B71F /* OpenGLWindow.cpp in Sources */ = {isa = PBXBuildFile; fileRef = BEA70834172563630050B71F /* OpenGLWindow.cpp */; };
		BEA70841172563630050B71F /* OpenGLWindow.h in Headers */ = {isa = PBXBuildFile; fileRef = BEA70835172563630050B71F /* OpenGLWindow.h */; };
		BEA7085F172563770050B71F /* Buffer.h in Headers */ = {isa = PBXBuildFile; fileRef = BEA70842172563770050B71F /* Buffer.h */; };
		BEA70860172563770050B71F /* ClassID.h in Headers */ = {isa = PBXBuildFile; fileRef = BEA70843172563770050B71F /* ClassID.h */; };
		BEA70861172563770050B71F /* Clear.h in Headers */ = {isa = PBXBuildFile; fileRef = BEA70844172563770050B71F /* Clear.h */; };
		BEA70862172563770050B71F /* CommandFactory.h in Headers */ = {isa = PBXBuildFile; fileRef = BEA70845172563770050B71F /* CommandFactory.h */; };
		BEA70863172563770050B71F /* Exception.h in Headers */ = {isa = PBXBuildFile; fileRef = BEA70846172563770050B71F /* Exception.h */; };
		BEA70864172563770050B71F /* GraphicsManager.h in Headers */ = {isa = PBXBuildFile; fileRef = BEA70847172563770050B71F /* GraphicsManager.h */; };
		BEA70865172563770050B71F /* IBase.h in Headers */ = {isa = PBXBuildFile; fileRef = BEA70848172563770050B71F /* IBase.h */; };
		BEA70866172563770050B71F /* IGraphicsManager.h in Headers */ = {isa = PBXBuildFile; fileRef = BEA70849172563770050B71F /* IGraphicsManager.h */; };
		BEA70867172563770050B71F /* IKeyboard.h in Headers */ = {isa = PBXBuildFile; fileRef = BEA7084A172563770050B71F /* IKeyboard.h */; };
		BEA70868172563770050B71F /* IPass.h in Headers */ = {isa = PBXBuildFile; fileRef = BEA7084B172563770050B71F /* IPass.h */; };
		BEA70869172563770050B71F /* IResourceManager.h in Headers */ = {isa = PBXBuildFile; fileRef = BEA7084C172563770050B71F /* IResourceManager.h */; };
		BEA7086A172563770050B71F /* ITechnique.h in Headers */ = {isa = PBXBuildFile; fileRef = BEA7084D172563770050B71F /* ITechnique.h */; };
		BEA7086B172563770050B71F /* ITechniqueManager.h in Headers */ = {isa = PBXBuildFile; fileRef = BEA7084E172563770050B71F /* ITechniqueManager.h */; };
		BEA7086C172563770050B71F /* IUnknown.h in Headers */ = {isa = PBXBuildFile; fileRef = BEA7084F172563770050B71F /* IUnknown.h */; };
		BEA7086D172563770050B71F /* IVertexDeclare.h in Headers */ = {isa = PBXBuildFile; fileRef = BEA70850172563770050B71F /* IVertexDeclare.h */; };
		BEA7086E172563770050B71F /* IWindow.h in Headers */ = {isa = PBXBuildFile; fileRef = BEA70851172563770050B71F /* IWindow.h */; };
		BEA7086F172563770050B71F /* Macros.h in Headers */ = {isa = PBXBuildFile; fileRef = BEA70852172563770050B71F /* Macros.h */; };
		BEA70870172563770050B71F /* ManagerFactory.h in Headers */ = {isa = PBXBuildFile; fileRef = BEA70853172563770050B71F /* ManagerFactory.h */; };
		BEA70871172563770050B71F /* Object.h in Headers */ = {isa = PBXBuildFile; fileRef = BEA70854172563770050B71F /* Object.h */; };
		BEA70872172563770050B71F /* ObjectManager.h in Headers */ = {isa = PBXBuildFile; fileRef = BEA70855172563770050B71F /* ObjectManager.h */; };
		BEA70873172563770050B71F /* Pass.h in Headers */ = {isa = PBXBuildFile; fileRef = BEA70856172563770050B71F /* Pass.h */; };
		BEA70874172563770050B71F /* Platform.h in Headers */ = {isa = PBXBuildFile; fileRef = BEA70857172563770050B71F /* Platform.h */; };
		BEA70875172563770050B71F /* ResourceManager.h in Headers */ = {isa = PBXBuildFile; fileRef = BEA70858172563770050B71F /* ResourceManager.h */; };
		BEA70876172563770050B71F /* SysmemBuffer.h in Headers */ = {isa = PBXBuildFile; fileRef = BEA70859172563770050B71F /* SysmemBuffer.h */; };
		BEA70877172563770050B71F /* Technique.h in Headers */ = {isa = PBXBuildFile; fileRef = BEA7085A172563770050B71F /* Technique.h */; };
		BEA70878172563770050B71F /* TechniqueManager.h in Headers */ = {isa = PBXBuildFile; fileRef = BEA7085B172563770050B71F /* TechniqueManager.h */; };
		BEA70879172563770050B71F /* UUID.h in Headers */ = {isa = PBXBuildFile; fileRef = BEA7085C172563770050B71F /* UUID.h */; };
		BEA7087A172563770050B71F /* VertexDeclare.h in Headers */ = {isa = PBXBuildFile; fileRef = BEA7085D172563770050B71F /* VertexDeclare.h */; };
		BEA7087B172563770050B71F /* Window.h in Headers */ = {isa = PBXBuildFile; fileRef = BEA7085E172563770050B71F /* Window.h */; };
		BEA70883172568AC0050B71F /* IShader.h in Headers */ = {isa = PBXBuildFile; fileRef = BEA70882172568AC0050B71F /* IShader.h */; };
		BEA7088517256E320050B71F /* OpenGLVertexShader.h in Headers */ = {isa = PBXBuildFile; fileRef = BEA7088417256E320050B71F /* OpenGLVertexShader.h */; };
		BEA7088717256E7F0050B71F /* OpenGLVertexShader.cpp in Sources */ = {isa = PBXBuildFile; fileRef = BEA7088617256E7F0050B71F /* OpenGLVertexShader.cpp */; };
		BEA7088A17256EBF0050B71F /* OpenGLFragmentShader.cpp in Sources */ = {isa = PBXBuildFile; fileRef = BEA7088817256EBF0050B71F /* OpenGLFragmentShader.cpp */; };
		BEA7088B17256EBF0050B71F /* OpenGLFragmentShader.h in Headers */ = {isa = PBXBuildFile; fileRef = BEA7088917256EBF0050B71F /* OpenGLFragmentShader.h */; };
		BEA7088E172572590050B71F /* OpenGLShaderFactory.cpp in Sources */ = {isa = PBXBuildFile; fileRef = BEA7088C172572590050B71F /* OpenGLShaderFactory.cpp */; };
		BEA7088F172572590050B71F /* OpenGLShaderFactory.h in Headers */ = {isa = PBXBuildFile; fileRef = BEA7088D172572590050B71F /* OpenGLShaderFactory.h */; };
/* End PBXBuildFile section */

/* Begin PBXFileReference section */
		BEA7080A172563480050B71F /* Buffer.cpp */ = {isa = PBXFileReference; fileEncoding = 4; lastKnownFileType = sourcecode.cpp.cpp; path = Buffer.cpp; sourceTree = "<group>"; };
		BEA7080B172563480050B71F /* BufferFactory.cpp */ = {isa = PBXFileReference; fileEncoding = 4; lastKnownFileType = sourcecode.cpp.cpp; path = BufferFactory.cpp; sourceTree = "<group>"; };
		BEA7080C172563480050B71F /* BufferFactory.h */ = {isa = PBXFileReference; fileEncoding = 4; lastKnownFileType = sourcecode.c.h; path = BufferFactory.h; sourceTree = "<group>"; };
		BEA7080D172563480050B71F /* CommandFactory.cpp */ = {isa = PBXFileReference; fileEncoding = 4; lastKnownFileType = sourcecode.cpp.cpp; path = CommandFactory.cpp; sourceTree = "<group>"; };
		BEA7080E172563480050B71F /* GraphicsManager.cpp */ = {isa = PBXFileReference; fileEncoding = 4; lastKnownFileType = sourcecode.cpp.cpp; path = GraphicsManager.cpp; sourceTree = "<group>"; };
		BEA7080F172563480050B71F /* ManagerFactory.cpp */ = {isa = PBXFileReference; fileEncoding = 4; lastKnownFileType = sourcecode.cpp.cpp; path = ManagerFactory.cpp; sourceTree = "<group>"; };
		BEA70810172563480050B71F /* Object.cpp */ = {isa = PBXFileReference; fileEncoding = 4; lastKnownFileType = sourcecode.cpp.cpp; path = Object.cpp; sourceTree = "<group>"; };
		BEA70811172563480050B71F /* ObjectManager.cpp */ = {isa = PBXFileReference; fileEncoding = 4; lastKnownFileType = sourcecode.cpp.cpp; path = ObjectManager.cpp; sourceTree = "<group>"; };
		BEA70812172563480050B71F /* Pass.cpp */ = {isa = PBXFileReference; fileEncoding = 4; lastKnownFileType = sourcecode.cpp.cpp; path = Pass.cpp; sourceTree = "<group>"; };
		BEA70813172563480050B71F /* ResourceManager.cpp */ = {isa = PBXFileReference; fileEncoding = 4; lastKnownFileType = sourcecode.cpp.cpp; path = ResourceManager.cpp; sourceTree = "<group>"; };
		BEA70814172563480050B71F /* SysmemBuffer.cpp */ = {isa = PBXFileReference; fileEncoding = 4; lastKnownFileType = sourcecode.cpp.cpp; path = SysmemBuffer.cpp; sourceTree = "<group>"; };
		BEA70820172563560050B71F /* Technique.cpp */ = {isa = PBXFileReference; fileEncoding = 4; lastKnownFileType = sourcecode.cpp.cpp; path = Technique.cpp; sourceTree = "<group>"; };
		BEA70821172563560050B71F /* TechniqueManager.cpp */ = {isa = PBXFileReference; fileEncoding = 4; lastKnownFileType = sourcecode.cpp.cpp; path = TechniqueManager.cpp; sourceTree = "<group>"; };
		BEA70822172563560050B71F /* UUID.cpp */ = {isa = PBXFileReference; fileEncoding = 4; lastKnownFileType = sourcecode.cpp.cpp; path = UUID.cpp; sourceTree = "<group>"; };
		BEA70823172563560050B71F /* VertexDeclare.cpp */ = {isa = PBXFileReference; fileEncoding = 4; lastKnownFileType = sourcecode.cpp.cpp; path = VertexDeclare.cpp; sourceTree = "<group>"; };
		BEA70824172563560050B71F /* Window.cpp */ = {isa = PBXFileReference; fileEncoding = 4; lastKnownFileType = sourcecode.cpp.cpp; path = Window.cpp; sourceTree = "<group>"; };
		BEA7082A172563630050B71F /* OpenGLClear.cpp */ = {isa = PBXFileReference; fileEncoding = 4; lastKnownFileType = sourcecode.cpp.cpp; path = OpenGLClear.cpp; sourceTree = "<group>"; };
		BEA7082B172563630050B71F /* OpenGLClear.h */ = {isa = PBXFileReference; fileEncoding = 4; lastKnownFileType = sourcecode.c.h; path = OpenGLClear.h; sourceTree = "<group>"; };
		BEA7082C172563630050B71F /* OpenGLGraphicsManager.cpp */ = {isa = PBXFileReference; fileEncoding = 4; lastKnownFileType = sourcecode.cpp.cpp; path = OpenGLGraphicsManager.cpp; sourceTree = "<group>"; };
		BEA7082D172563630050B71F /* OpenGLGraphicsManager.h */ = {isa = PBXFileReference; fileEncoding = 4; lastKnownFileType = sourcecode.c.h; path = OpenGLGraphicsManager.h; sourceTree = "<group>"; };
		BEA7082E172563630050B71F /* OpenGLKeyboard.cpp */ = {isa = PBXFileReference; fileEncoding = 4; lastKnownFileType = sourcecode.cpp.cpp; path = OpenGLKeyboard.cpp; sourceTree = "<group>"; };
		BEA7082F172563630050B71F /* OpenGLKeyboard.h */ = {isa = PBXFileReference; fileEncoding = 4; lastKnownFileType = sourcecode.c.h; path = OpenGLKeyboard.h; sourceTree = "<group>"; };
		BEA70830172563630050B71F /* OpenGLResourceManager.cpp */ = {isa = PBXFileReference; fileEncoding = 4; lastKnownFileType = sourcecode.cpp.cpp; path = OpenGLResourceManager.cpp; sourceTree = "<group>"; };
		BEA70831172563630050B71F /* OpenGLResourceManager.h */ = {isa = PBXFileReference; fileEncoding = 4; lastKnownFileType = sourcecode.c.h; path = OpenGLResourceManager.h; sourceTree = "<group>"; };
		BEA70832172563630050B71F /* OpenGLTechniqueManager.cpp */ = {isa = PBXFileReference; fileEncoding = 4; lastKnownFileType = sourcecode.cpp.cpp; path = OpenGLTechniqueManager.cpp; sourceTree = "<group>"; };
		BEA70833172563630050B71F /* OpenGLTechniqueManager.h */ = {isa = PBXFileReference; fileEncoding = 4; lastKnownFileType = sourcecode.c.h; path = OpenGLTechniqueManager.h; sourceTree = "<group>"; };
		BEA70834172563630050B71F /* OpenGLWindow.cpp */ = {isa = PBXFileReference; fileEncoding = 4; lastKnownFileType = sourcecode.cpp.cpp; path = OpenGLWindow.cpp; sourceTree = "<group>"; };
		BEA70835172563630050B71F /* OpenGLWindow.h */ = {isa = PBXFileReference; fileEncoding = 4; lastKnownFileType = sourcecode.c.h; path = OpenGLWindow.h; sourceTree = "<group>"; };
		BEA70842172563770050B71F /* Buffer.h */ = {isa = PBXFileReference; fileEncoding = 4; lastKnownFileType = sourcecode.c.h; name = Buffer.h; path = include/Laser/Buffer.h; sourceTree = SOURCE_ROOT; };
		BEA70843172563770050B71F /* ClassID.h */ = {isa = PBXFileReference; fileEncoding = 4; lastKnownFileType = sourcecode.c.h; name = ClassID.h; path = include/Laser/ClassID.h; sourceTree = SOURCE_ROOT; };
		BEA70844172563770050B71F /* Clear.h */ = {isa = PBXFileReference; fileEncoding = 4; lastKnownFileType = sourcecode.c.h; name = Clear.h; path = include/Laser/Clear.h; sourceTree = SOURCE_ROOT; };
		BEA70845172563770050B71F /* CommandFactory.h */ = {isa = PBXFileReference; fileEncoding = 4; lastKnownFileType = sourcecode.c.h; name = CommandFactory.h; path = include/Laser/CommandFactory.h; sourceTree = SOURCE_ROOT; };
		BEA70846172563770050B71F /* Exception.h */ = {isa = PBXFileReference; fileEncoding = 4; lastKnownFileType = sourcecode.c.h; name = Exception.h; path = include/Laser/Exception.h; sourceTree = SOURCE_ROOT; };
		BEA70847172563770050B71F /* GraphicsManager.h */ = {isa = PBXFileReference; fileEncoding = 4; lastKnownFileType = sourcecode.c.h; name = GraphicsManager.h; path = include/Laser/GraphicsManager.h; sourceTree = SOURCE_ROOT; };
		BEA70848172563770050B71F /* IBase.h */ = {isa = PBXFileReference; fileEncoding = 4; lastKnownFileType = sourcecode.c.h; name = IBase.h; path = include/Laser/IBase.h; sourceTree = SOURCE_ROOT; };
		BEA70849172563770050B71F /* IGraphicsManager.h */ = {isa = PBXFileReference; fileEncoding = 4; lastKnownFileType = sourcecode.c.h; name = IGraphicsManager.h; path = include/Laser/IGraphicsManager.h; sourceTree = SOURCE_ROOT; };
		BEA7084A172563770050B71F /* IKeyboard.h */ = {isa = PBXFileReference; fileEncoding = 4; lastKnownFileType = sourcecode.c.h; name = IKeyboard.h; path = include/Laser/IKeyboard.h; sourceTree = SOURCE_ROOT; };
		BEA7084B172563770050B71F /* IPass.h */ = {isa = PBXFileReference; fileEncoding = 4; lastKnownFileType = sourcecode.c.h; name = IPass.h; path = include/Laser/IPass.h; sourceTree = SOURCE_ROOT; };
		BEA7084C172563770050B71F /* IResourceManager.h */ = {isa = PBXFileReference; fileEncoding = 4; lastKnownFileType = sourcecode.c.h; name = IResourceManager.h; path = include/Laser/IResourceManager.h; sourceTree = SOURCE_ROOT; };
		BEA7084D172563770050B71F /* ITechnique.h */ = {isa = PBXFileReference; fileEncoding = 4; lastKnownFileType = sourcecode.c.h; name = ITechnique.h; path = include/Laser/ITechnique.h; sourceTree = SOURCE_ROOT; };
		BEA7084E172563770050B71F /* ITechniqueManager.h */ = {isa = PBXFileReference; fileEncoding = 4; lastKnownFileType = sourcecode.c.h; name = ITechniqueManager.h; path = include/Laser/ITechniqueManager.h; sourceTree = SOURCE_ROOT; };
		BEA7084F172563770050B71F /* IUnknown.h */ = {isa = PBXFileReference; fileEncoding = 4; lastKnownFileType = sourcecode.c.h; name = IUnknown.h; path = include/Laser/IUnknown.h; sourceTree = SOURCE_ROOT; };
		BEA70850172563770050B71F /* IVertexDeclare.h */ = {isa = PBXFileReference; fileEncoding = 4; lastKnownFileType = sourcecode.c.h; name = IVertexDeclare.h; path = include/Laser/IVertexDeclare.h; sourceTree = SOURCE_ROOT; };
		BEA70851172563770050B71F /* IWindow.h */ = {isa = PBXFileReference; fileEncoding = 4; lastKnownFileType = sourcecode.c.h; name = IWindow.h; path = include/Laser/IWindow.h; sourceTree = SOURCE_ROOT; };
		BEA70852172563770050B71F /* Macros.h */ = {isa = PBXFileReference; fileEncoding = 4; lastKnownFileType = sourcecode.c.h; name = Macros.h; path = include/Laser/Macros.h; sourceTree = SOURCE_ROOT; };
		BEA70853172563770050B71F /* ManagerFactory.h */ = {isa = PBXFileReference; fileEncoding = 4; lastKnownFileType = sourcecode.c.h; name = ManagerFactory.h; path = include/Laser/ManagerFactory.h; sourceTree = SOURCE_ROOT; };
		BEA70854172563770050B71F /* Object.h */ = {isa = PBXFileReference; fileEncoding = 4; lastKnownFileType = sourcecode.c.h; name = Object.h; path = include/Laser/Object.h; sourceTree = SOURCE_ROOT; };
		BEA70855172563770050B71F /* ObjectManager.h */ = {isa = PBXFileReference; fileEncoding = 4; lastKnownFileType = sourcecode.c.h; name = ObjectManager.h; path = include/Laser/ObjectManager.h; sourceTree = SOURCE_ROOT; };
		BEA70856172563770050B71F /* Pass.h */ = {isa = PBXFileReference; fileEncoding = 4; lastKnownFileType = sourcecode.c.h; name = Pass.h; path = include/Laser/Pass.h; sourceTree = SOURCE_ROOT; };
		BEA70857172563770050B71F /* Platform.h */ = {isa = PBXFileReference; fileEncoding = 4; lastKnownFileType = sourcecode.c.h; name = Platform.h; path = include/Laser/Platform.h; sourceTree = SOURCE_ROOT; };
		BEA70858172563770050B71F /* ResourceManager.h */ = {isa = PBXFileReference; fileEncoding = 4; lastKnownFileType = sourcecode.c.h; name = ResourceManager.h; path = include/Laser/ResourceManager.h; sourceTree = SOURCE_ROOT; };
		BEA70859172563770050B71F /* SysmemBuffer.h */ = {isa = PBXFileReference; fileEncoding = 4; lastKnownFileType = sourcecode.c.h; name = SysmemBuffer.h; path = include/Laser/SysmemBuffer.h; sourceTree = SOURCE_ROOT; };
		BEA7085A172563770050B71F /* Technique.h */ = {isa = PBXFileReference; fileEncoding = 4; lastKnownFileType = sourcecode.c.h; name = Technique.h; path = include/Laser/Technique.h; sourceTree = SOURCE_ROOT; };
		BEA7085B172563770050B71F /* TechniqueManager.h */ = {isa = PBXFileReference; fileEncoding = 4; lastKnownFileType = sourcecode.c.h; name = TechniqueManager.h; path = include/Laser/TechniqueManager.h; sourceTree = SOURCE_ROOT; };
		BEA7085C172563770050B71F /* UUID.h */ = {isa = PBXFileReference; fileEncoding = 4; lastKnownFileType = sourcecode.c.h; name = UUID.h; path = include/Laser/UUID.h; sourceTree = SOURCE_ROOT; };
		BEA7085D172563770050B71F /* VertexDeclare.h */ = {isa = PBXFileReference; fileEncoding = 4; lastKnownFileType = sourcecode.c.h; name = VertexDeclare.h; path = include/Laser/VertexDeclare.h; sourceTree = SOURCE_ROOT; };
		BEA7085E172563770050B71F /* Window.h */ = {isa = PBXFileReference; fileEncoding = 4; lastKnownFileType = sourcecode.c.h; name = Window.h; path = include/Laser/Window.h; sourceTree = SOURCE_ROOT; };
		BEA70882172568AC0050B71F /* IShader.h */ = {isa = PBXFileReference; fileEncoding = 4; lastKnownFileType = sourcecode.c.h; name = IShader.h; path = include/Laser/IShader.h; sourceTree = SOURCE_ROOT; };
		BEA7088417256E320050B71F /* OpenGLVertexShader.h */ = {isa = PBXFileReference; fileEncoding = 4; lastKnownFileType = sourcecode.c.h; path = OpenGLVertexShader.h; sourceTree = "<group>"; };
		BEA7088617256E7F0050B71F /* OpenGLVertexShader.cpp */ = {isa = PBXFileReference; fileEncoding = 4; lastKnownFileType = sourcecode.cpp.cpp; path = OpenGLVertexShader.cpp; sourceTree = "<group>"; };
		BEA7088817256EBF0050B71F /* OpenGLFragmentShader.cpp */ = {isa = PBXFileReference; fileEncoding = 4; lastKnownFileType = sourcecode.cpp.cpp; path = OpenGLFragmentShader.cpp; sourceTree = "<group>"; };
		BEA7088917256EBF0050B71F /* OpenGLFragmentShader.h */ = {isa = PBXFileReference; fileEncoding = 4; lastKnownFileType = sourcecode.c.h; path = OpenGLFragmentShader.h; sourceTree = "<group>"; };
		BEA7088C172572590050B71F /* OpenGLShaderFactory.cpp */ = {isa = PBXFileReference; fileEncoding = 4; lastKnownFileType = sourcecode.cpp.cpp; path = OpenGLShaderFactory.cpp; sourceTree = "<group>"; };
		BEA7088D172572590050B71F /* OpenGLShaderFactory.h */ = {isa = PBXFileReference; fileEncoding = 4; lastKnownFileType = sourcecode.c.h; path = OpenGLShaderFactory.h; sourceTree = "<group>"; };
		BEE3FDC917181D3400605D33 /* libLaser.a */ = {isa = PBXFileReference; explicitFileType = archive.ar; includeInIndex = 0; path = libLaser.a; sourceTree = BUILT_PRODUCTS_DIR; };
/* End PBXFileReference section */

/* Begin PBXFrameworksBuildPhase section */
		BEE3FDC617181D3400605D33 /* Frameworks */ = {
			isa = PBXFrameworksBuildPhase;
			buildActionMask = 2147483647;
			files = (
			);
			runOnlyForDeploymentPostprocessing = 0;
		};
/* End PBXFrameworksBuildPhase section */

/* Begin PBXGroup section */
		BEA70808172562EB0050B71F /* sources */ = {
			isa = PBXGroup;
			children = (
				BEE3FDFA17183C5A00605D33 /* Common */,
				BEE3FE0017183C5A00605D33 /* OpenGL */,
			);
			name = sources;
			sourceTree = "<group>";
		};
		BEA70809172562F50050B71F /* include */ = {
			isa = PBXGroup;
			children = (
				BEA70842172563770050B71F /* Buffer.h */,
				BEA70843172563770050B71F /* ClassID.h */,
				BEA70844172563770050B71F /* Clear.h */,
				BEA70845172563770050B71F /* CommandFactory.h */,
				BEA70846172563770050B71F /* Exception.h */,
				BEA70847172563770050B71F /* GraphicsManager.h */,
				BEA70848172563770050B71F /* IBase.h */,
				BEA70849172563770050B71F /* IGraphicsManager.h */,
				BEA7084A172563770050B71F /* IKeyboard.h */,
				BEA7084B172563770050B71F /* IPass.h */,
				BEA7084C172563770050B71F /* IResourceManager.h */,
				BEA70882172568AC0050B71F /* IShader.h */,
				BEA7084D172563770050B71F /* ITechnique.h */,
				BEA7084E172563770050B71F /* ITechniqueManager.h */,
				BEA7084F172563770050B71F /* IUnknown.h */,
				BEA70850172563770050B71F /* IVertexDeclare.h */,
				BEA70851172563770050B71F /* IWindow.h */,
				BEA70852172563770050B71F /* Macros.h */,
				BEA70853172563770050B71F /* ManagerFactory.h */,
				BEA70854172563770050B71F /* Object.h */,
				BEA70855172563770050B71F /* ObjectManager.h */,
				BEA70856172563770050B71F /* Pass.h */,
				BEA70857172563770050B71F /* Platform.h */,
				BEA70858172563770050B71F /* ResourceManager.h */,
				BEA70859172563770050B71F /* SysmemBuffer.h */,
				BEA7085A172563770050B71F /* Technique.h */,
				BEA7085B172563770050B71F /* TechniqueManager.h */,
				BEA7085C172563770050B71F /* UUID.h */,
				BEA7085D172563770050B71F /* VertexDeclare.h */,
				BEA7085E172563770050B71F /* Window.h */,
			);
			name = include;
			sourceTree = "<group>";
		};
		BEE3FDC017181D3400605D33 = {
			isa = PBXGroup;
			children = (
				BEE3FDE91718253A00605D33 /* Sources */,
				BEE3FDCA17181D3400605D33 /* Products */,
			);
			sourceTree = "<group>";
			usesTabs = 1;
		};
		BEE3FDCA17181D3400605D33 /* Products */ = {
			isa = PBXGroup;
			children = (
				BEE3FDC917181D3400605D33 /* libLaser.a */,
			);
			name = Products;
			sourceTree = "<group>";
		};
		BEE3FDE91718253A00605D33 /* Sources */ = {
			isa = PBXGroup;
			children = (
				BEE3FDF917183C5A00605D33 /* Laser */,
			);
			path = Sources;
			sourceTree = "<group>";
		};
		BEE3FDF917183C5A00605D33 /* Laser */ = {
			isa = PBXGroup;
			children = (
				BEA70809172562F50050B71F /* include */,
				BEA70808172562EB0050B71F /* sources */,
			);
			path = Laser;
			sourceTree = "<group>";
		};
		BEE3FDFA17183C5A00605D33 /* Common */ = {
			isa = PBXGroup;
			children = (
				BEA7080A172563480050B71F /* Buffer.cpp */,
				BEA7080B172563480050B71F /* BufferFactory.cpp */,
				BEA7080C172563480050B71F /* BufferFactory.h */,
				BEA7080D172563480050B71F /* CommandFactory.cpp */,
				BEA7080E172563480050B71F /* GraphicsManager.cpp */,
				BEA7080F172563480050B71F /* ManagerFactory.cpp */,
				BEA70810172563480050B71F /* Object.cpp */,
				BEA70811172563480050B71F /* ObjectManager.cpp */,
				BEA70812172563480050B71F /* Pass.cpp */,
				BEA70813172563480050B71F /* ResourceManager.cpp */,
				BEA70814172563480050B71F /* SysmemBuffer.cpp */,
				BEA70820172563560050B71F /* Technique.cpp */,
				BEA70821172563560050B71F /* TechniqueManager.cpp */,
				BEA70822172563560050B71F /* UUID.cpp */,
				BEA70823172563560050B71F /* VertexDeclare.cpp */,
				BEA70824172563560050B71F /* Window.cpp */,
			);
			path = Common;
			sourceTree = "<group>";
		};
		BEE3FE0017183C5A00605D33 /* OpenGL */ = {
			isa = PBXGroup;
			children = (
				BEA7088417256E320050B71F /* OpenGLVertexShader.h */,
				BEA7088617256E7F0050B71F /* OpenGLVertexShader.cpp */,
				BEA7088817256EBF0050B71F /* OpenGLFragmentShader.cpp */,
				BEA7088917256EBF0050B71F /* OpenGLFragmentShader.h */,
				BEA7082A172563630050B71F /* OpenGLClear.cpp */,
				BEA7082B172563630050B71F /* OpenGLClear.h */,
				BEA7082C172563630050B71F /* OpenGLGraphicsManager.cpp */,
				BEA7082D172563630050B71F /* OpenGLGraphicsManager.h */,
				BEA7082E172563630050B71F /* OpenGLKeyboard.cpp */,
				BEA7082F172563630050B71F /* OpenGLKeyboard.h */,
				BEA70830172563630050B71F /* OpenGLResourceManager.cpp */,
				BEA70831172563630050B71F /* OpenGLResourceManager.h */,
				BEA70832172563630050B71F /* OpenGLTechniqueManager.cpp */,
				BEA70833172563630050B71F /* OpenGLTechniqueManager.h */,
				BEA70834172563630050B71F /* OpenGLWindow.cpp */,
				BEA70835172563630050B71F /* OpenGLWindow.h */,
				BEA7088C172572590050B71F /* OpenGLShaderFactory.cpp */,
				BEA7088D172572590050B71F /* OpenGLShaderFactory.h */,
			);
			path = OpenGL;
			sourceTree = "<group>";
		};
/* End PBXGroup section */

/* Begin PBXHeadersBuildPhase section */
		BEE3FDC717181D3400605D33 /* Headers */ = {
			isa = PBXHeadersBuildPhase;
			buildActionMask = 2147483647;
			files = (
				BEA70817172563480050B71F /* BufferFactory.h in Headers */,
				BEA70837172563630050B71F /* OpenGLClear.h in Headers */,
				BEA70839172563630050B71F /* OpenGLGraphicsManager.h in Headers */,
				BEA7083B172563630050B71F /* OpenGLKeyboard.h in Headers */,
				BEA7083D172563630050B71F /* OpenGLResourceManager.h in Headers */,
				BEA7083F172563630050B71F /* OpenGLTechniqueManager.h in Headers */,
				BEA70841172563630050B71F /* OpenGLWindow.h in Headers */,
				BEA7085F172563770050B71F /* Buffer.h in Headers */,
				BEA70860172563770050B71F /* ClassID.h in Headers */,
				BEA70861172563770050B71F /* Clear.h in Headers */,
				BEA70862172563770050B71F /* CommandFactory.h in Headers */,
				BEA70863172563770050B71F /* Exception.h in Headers */,
				BEA70864172563770050B71F /* GraphicsManager.h in Headers */,
				BEA70865172563770050B71F /* IBase.h in Headers */,
				BEA70866172563770050B71F /* IGraphicsManager.h in Headers */,
				BEA70867172563770050B71F /* IKeyboard.h in Headers */,
				BEA70868172563770050B71F /* IPass.h in Headers */,
				BEA70869172563770050B71F /* IResourceManager.h in Headers */,
				BEA7086A172563770050B71F /* ITechnique.h in Headers */,
				BEA7086B172563770050B71F /* ITechniqueManager.h in Headers */,
				BEA7086C172563770050B71F /* IUnknown.h in Headers */,
				BEA7086D172563770050B71F /* IVertexDeclare.h in Headers */,
				BEA7086E172563770050B71F /* IWindow.h in Headers */,
				BEA7086F172563770050B71F /* Macros.h in Headers */,
				BEA70870172563770050B71F /* ManagerFactory.h in Headers */,
				BEA70871172563770050B71F /* Object.h in Headers */,
				BEA70872172563770050B71F /* ObjectManager.h in Headers */,
				BEA70873172563770050B71F /* Pass.h in Headers */,
				BEA70874172563770050B71F /* Platform.h in Headers */,
				BEA70875172563770050B71F /* ResourceManager.h in Headers */,
				BEA70876172563770050B71F /* SysmemBuffer.h in Headers */,
				BEA70877172563770050B71F /* Technique.h in Headers */,
				BEA70878172563770050B71F /* TechniqueManager.h in Headers */,
				BEA70879172563770050B71F /* UUID.h in Headers */,
				BEA7087A172563770050B71F /* VertexDeclare.h in Headers */,
				BEA7087B172563770050B71F /* Window.h in Headers */,
				BEA70883172568AC0050B71F /* IShader.h in Headers */,
				BEA7088517256E320050B71F /* OpenGLVertexShader.h in Headers */,
				BEA7088B17256EBF0050B71F /* OpenGLFragmentShader.h in Headers */,
				BEA7088F172572590050B71F /* OpenGLShaderFactory.h in Headers */,
			);
			runOnlyForDeploymentPostprocessing = 0;
		};
/* End PBXHeadersBuildPhase section */

/* Begin PBXNativeTarget section */
		BEE3FDC817181D3400605D33 /* Laser */ = {
			isa = PBXNativeTarget;
			buildConfigurationList = BEE3FDCD17181D3400605D33 /* Build configuration list for PBXNativeTarget "Laser" */;
			buildPhases = (
				BEE3FDC517181D3400605D33 /* Sources */,
				BEE3FDC617181D3400605D33 /* Frameworks */,
				BEE3FDC717181D3400605D33 /* Headers */,
			);
			buildRules = (
			);
			dependencies = (
			);
			name = Laser;
			productName = Laser;
			productReference = BEE3FDC917181D3400605D33 /* libLaser.a */;
			productType = "com.apple.product-type.library.static";
		};
/* End PBXNativeTarget section */

/* Begin PBXProject section */
		BEE3FDC117181D3400605D33 /* Project object */ = {
			isa = PBXProject;
			attributes = {
				LastUpgradeCheck = 0460;
				ORGANIZATIONNAME = Koichiro;
			};
			buildConfigurationList = BEE3FDC417181D3400605D33 /* Build configuration list for PBXProject "Laser" */;
			compatibilityVersion = "Xcode 3.2";
			developmentRegion = English;
			hasScannedForEncodings = 0;
			knownRegions = (
				en,
			);
			mainGroup = BEE3FDC017181D3400605D33;
			productRefGroup = BEE3FDCA17181D3400605D33 /* Products */;
			projectDirPath = "";
			projectRoot = "";
			targets = (
				BEE3FDC817181D3400605D33 /* Laser */,
			);
		};
/* End PBXProject section */

/* Begin PBXSourcesBuildPhase section */
		BEE3FDC517181D3400605D33 /* Sources */ = {
			isa = PBXSourcesBuildPhase;
			buildActionMask = 2147483647;
			files = (
				BEA70815172563480050B71F /* Buffer.cpp in Sources */,
				BEA70816172563480050B71F /* BufferFactory.cpp in Sources */,
				BEA70818172563480050B71F /* CommandFactory.cpp in Sources */,
				BEA70819172563480050B71F /* GraphicsManager.cpp in Sources */,
				BEA7081A172563480050B71F /* ManagerFactory.cpp in Sources */,
				BEA7081B172563480050B71F /* Object.cpp in Sources */,
				BEA7081C172563480050B71F /* ObjectManager.cpp in Sources */,
				BEA7081D172563480050B71F /* Pass.cpp in Sources */,
				BEA7081E172563480050B71F /* ResourceManager.cpp in Sources */,
				BEA7081F172563480050B71F /* SysmemBuffer.cpp in Sources */,
				BEA70825172563560050B71F /* Technique.cpp in Sources */,
				BEA70826172563560050B71F /* TechniqueManager.cpp in Sources */,
				BEA70827172563560050B71F /* UUID.cpp in Sources */,
				BEA70828172563560050B71F /* VertexDeclare.cpp in Sources */,
				BEA70829172563560050B71F /* Window.cpp in Sources */,
				BEA70836172563630050B71F /* OpenGLClear.cpp in Sources */,
				BEA70838172563630050B71F /* OpenGLGraphicsManager.cpp in Sources */,
				BEA7083A172563630050B71F /* OpenGLKeyboard.cpp in Sources */,
				BEA7083C172563630050B71F /* OpenGLResourceManager.cpp in Sources */,
				BEA7083E172563630050B71F /* OpenGLTechniqueManager.cpp in Sources */,
				BEA70840172563630050B71F /* OpenGLWindow.cpp in Sources */,
				BEA7088717256E7F0050B71F /* OpenGLVertexShader.cpp in Sources */,
				BEA7088A17256EBF0050B71F /* OpenGLFragmentShader.cpp in Sources */,
				BEA7088E172572590050B71F /* OpenGLShaderFactory.cpp in Sources */,
			);
			runOnlyForDeploymentPostprocessing = 0;
		};
/* End PBXSourcesBuildPhase section */

/* Begin XCBuildConfiguration section */
		BEE3FDCB17181D3400605D33 /* Debug */ = {
			isa = XCBuildConfiguration;
			buildSettings = {
				ALWAYS_SEARCH_USER_PATHS = NO;
				ARCHS = "$(ARCHS_STANDARD_64_BIT)";
				CLANG_CXX_LANGUAGE_STANDARD = "gnu++0x";
				CLANG_CXX_LIBRARY = "libc++";
				CLANG_ENABLE_OBJC_ARC = YES;
				CLANG_WARN_CONSTANT_CONVERSION = YES;
				CLANG_WARN_EMPTY_BODY = YES;
				CLANG_WARN_ENUM_CONVERSION = YES;
				CLANG_WARN_INT_CONVERSION = YES;
				CLANG_WARN__DUPLICATE_METHOD_MATCH = YES;
				COPY_PHASE_STRIP = NO;
				GCC_C_LANGUAGE_STANDARD = gnu99;
				GCC_DYNAMIC_NO_PIC = NO;
				GCC_ENABLE_OBJC_EXCEPTIONS = YES;
				GCC_OPTIMIZATION_LEVEL = 0;
				GCC_PREPROCESSOR_DEFINITIONS = (
					"DEBUG=1",
					"$(inherited)",
				);
				GCC_SYMBOLS_PRIVATE_EXTERN = NO;
				GCC_VERSION = com.apple.compilers.llvmgcc42;
				GCC_WARN_64_TO_32_BIT_CONVERSION = YES;
				GCC_WARN_ABOUT_RETURN_TYPE = YES;
				GCC_WARN_UNINITIALIZED_AUTOS = YES;
				GCC_WARN_UNUSED_VARIABLE = YES;
				MACOSX_DEPLOYMENT_TARGET = 10.8;
				ONLY_ACTIVE_ARCH = YES;
				OTHER_CPLUSPLUSFLAGS = (
					"$(OTHER_CFLAGS)",
					"-I../TGUL/Sources",
					"-I/opt/local/include",
					"-I./Sources",
					"-I/usr/local/include",
					"-include",
					Platform.h,
					"-linclude",
				);
				SDKROOT = macosx;
			};
			name = Debug;
		};
		BEE3FDCC17181D3400605D33 /* Release */ = {
			isa = XCBuildConfiguration;
			buildSettings = {
				ALWAYS_SEARCH_USER_PATHS = NO;
				ARCHS = "$(ARCHS_STANDARD_64_BIT)";
				CLANG_CXX_LANGUAGE_STANDARD = "gnu++0x";
				CLANG_CXX_LIBRARY = "libc++";
				CLANG_ENABLE_OBJC_ARC = YES;
				CLANG_WARN_CONSTANT_CONVERSION = YES;
				CLANG_WARN_EMPTY_BODY = YES;
				CLANG_WARN_ENUM_CONVERSION = YES;
				CLANG_WARN_INT_CONVERSION = YES;
				CLANG_WARN__DUPLICATE_METHOD_MATCH = YES;
				COPY_PHASE_STRIP = YES;
				DEBUG_INFORMATION_FORMAT = "dwarf-with-dsym";
				GCC_C_LANGUAGE_STANDARD = gnu99;
				GCC_ENABLE_OBJC_EXCEPTIONS = YES;
				GCC_VERSION = com.apple.compilers.llvmgcc42;
				GCC_WARN_64_TO_32_BIT_CONVERSION = YES;
				GCC_WARN_ABOUT_RETURN_TYPE = YES;
				GCC_WARN_UNINITIALIZED_AUTOS = YES;
				GCC_WARN_UNUSED_VARIABLE = YES;
				MACOSX_DEPLOYMENT_TARGET = 10.8;
				OTHER_CPLUSPLUSFLAGS = (
					"$(OTHER_CFLAGS)",
					"-I../TGUL/Sources",
					"-I/opt/local/include",
					"-I./Sources",
					"-I/usr/local/include",
					"-include",
					Platform.h,
					"-linclude",
				);
				SDKROOT = macosx;
			};
			name = Release;
		};
		BEE3FDCE17181D3400605D33 /* Debug */ = {
			isa = XCBuildConfiguration;
			buildSettings = {
				DEPLOYMENT_LOCATION = NO;
				EXECUTABLE_PREFIX = lib;
				GCC_VERSION = com.apple.compilers.llvm.clang.1_0;
				PRODUCT_NAME = "$(TARGET_NAME)";
			};
			name = Debug;
		};
		BEE3FDCF17181D3400605D33 /* Release */ = {
			isa = XCBuildConfiguration;
			buildSettings = {
				DEPLOYMENT_LOCATION = NO;
				EXECUTABLE_PREFIX = lib;
				GCC_VERSION = com.apple.compilers.llvm.clang.1_0;
				PRODUCT_NAME = "$(TARGET_NAME)";
			};
			name = Release;
		};
/* End XCBuildConfiguration section */

/* Begin XCConfigurationList section */
		BEE3FDC417181D3400605D33 /* Build configuration list for PBXProject "Laser" */ = {
			isa = XCConfigurationList;
			buildConfigurations = (
				BEE3FDCB17181D3400605D33 /* Debug */,
				BEE3FDCC17181D3400605D33 /* Release */,
			);
			defaultConfigurationIsVisible = 0;
			defaultConfigurationName = Release;
		};
		BEE3FDCD17181D3400605D33 /* Build configuration list for PBXNativeTarget "Laser" */ = {
			isa = XCConfigurationList;
			buildConfigurations = (
				BEE3FDCE17181D3400605D33 /* Debug */,
				BEE3FDCF17181D3400605D33 /* Release */,
			);
			defaultConfigurationIsVisible = 0;
			defaultConfigurationName = Release;
		};
/* End XCConfigurationList section */
	};
	rootObject = BEE3FDC117181D3400605D33 /* Project object */;
}
