// !$*UTF8*$!
{
	archiveVersion = 1;
	classes = {
	};
	objectVersion = 46;
	objects = {

/* Begin PBXBuildFile section */
		BEA25D4E171D8D8A005349E5 /* OpenGLClear.cpp in Sources */ = {isa = PBXBuildFile; fileRef = BEA25D4C171D8D8A005349E5 /* OpenGLClear.cpp */; };
		BEA25D4F171D8D8A005349E5 /* OpenGLClear.h in Headers */ = {isa = PBXBuildFile; fileRef = BEA25D4D171D8D8A005349E5 /* OpenGLClear.h */; };
		BEA25D52171D8D97005349E5 /* OpenGLKeyboard.cpp in Sources */ = {isa = PBXBuildFile; fileRef = BEA25D50171D8D97005349E5 /* OpenGLKeyboard.cpp */; };
		BEA25D53171D8D97005349E5 /* OpenGLKeyboard.h in Headers */ = {isa = PBXBuildFile; fileRef = BEA25D51171D8D97005349E5 /* OpenGLKeyboard.h */; };
		BEA25D5A171D8DA7005349E5 /* OpenGLManager.cpp in Sources */ = {isa = PBXBuildFile; fileRef = BEA25D54171D8DA7005349E5 /* OpenGLManager.cpp */; };
		BEA25D5B171D8DA7005349E5 /* OpenGLManager.h in Headers */ = {isa = PBXBuildFile; fileRef = BEA25D55171D8DA7005349E5 /* OpenGLManager.h */; };
		BEA25D5C171D8DA7005349E5 /* OpenGLTechniqueManager.cpp in Sources */ = {isa = PBXBuildFile; fileRef = BEA25D56171D8DA7005349E5 /* OpenGLTechniqueManager.cpp */; };
		BEA25D5D171D8DA7005349E5 /* OpenGLTechniqueManager.h in Headers */ = {isa = PBXBuildFile; fileRef = BEA25D57171D8DA7005349E5 /* OpenGLTechniqueManager.h */; };
		BEA25D5E171D8DA7005349E5 /* OpenGLWindow.cpp in Sources */ = {isa = PBXBuildFile; fileRef = BEA25D58171D8DA7005349E5 /* OpenGLWindow.cpp */; };
		BEA25D5F171D8DA7005349E5 /* OpenGLWindow.h in Headers */ = {isa = PBXBuildFile; fileRef = BEA25D59171D8DA7005349E5 /* OpenGLWindow.h */; };
		BEA267D317201C3900E8A944 /* UUID.cpp in Sources */ = {isa = PBXBuildFile; fileRef = BEA267D217201C3900E8A944 /* UUID.cpp */; };
		BEA267D517201C9000E8A944 /* UUID.h in Headers */ = {isa = PBXBuildFile; fileRef = BEA267D417201C9000E8A944 /* UUID.h */; };
		BEA267D7172026CD00E8A944 /* IUnknown.h in Headers */ = {isa = PBXBuildFile; fileRef = BEA267D6172026CD00E8A944 /* IUnknown.h */; };
		BEA4458E171C36F500D62652 /* IKeyboard.h in Headers */ = {isa = PBXBuildFile; fileRef = BEA4458D171C36F500D62652 /* IKeyboard.h */; };
		BEA44599171C392200D62652 /* TechniqueManager.cpp in Sources */ = {isa = PBXBuildFile; fileRef = BEA44597171C392200D62652 /* TechniqueManager.cpp */; };
		BEA4459A171C392200D62652 /* TechniqueManager.h in Headers */ = {isa = PBXBuildFile; fileRef = BEA44598171C392200D62652 /* TechniqueManager.h */; };
		BEA4459C171C392900D62652 /* ITechniqueManager.h in Headers */ = {isa = PBXBuildFile; fileRef = BEA4459B171C392900D62652 /* ITechniqueManager.h */; };
		BEA445A7171C3BE100D62652 /* ITechnique.h in Headers */ = {isa = PBXBuildFile; fileRef = BEA445A4171C3BE100D62652 /* ITechnique.h */; };
		BEA445A8171C3BE100D62652 /* Technique.cpp in Sources */ = {isa = PBXBuildFile; fileRef = BEA445A5171C3BE100D62652 /* Technique.cpp */; };
		BEA445A9171C3BE100D62652 /* Technique.h in Headers */ = {isa = PBXBuildFile; fileRef = BEA445A6171C3BE100D62652 /* Technique.h */; };
		BEA445AC171C3D4A00D62652 /* IBase.h in Headers */ = {isa = PBXBuildFile; fileRef = BEA445AB171C3D4A00D62652 /* IBase.h */; };
		BEA445B3171C3FF500D62652 /* Clear.h in Headers */ = {isa = PBXBuildFile; fileRef = BEA445B2171C3FF500D62652 /* Clear.h */; };
		BEA445B6171C48D200D62652 /* Window.cpp in Sources */ = {isa = PBXBuildFile; fileRef = BEA445B4171C48D100D62652 /* Window.cpp */; };
		BEA445B7171C48D200D62652 /* Window.h in Headers */ = {isa = PBXBuildFile; fileRef = BEA445B5171C48D100D62652 /* Window.h */; };
		BED78017171EDB7800BFE2E7 /* ClassID.h in Headers */ = {isa = PBXBuildFile; fileRef = BED78012171EDB7800BFE2E7 /* ClassID.h */; };
		BED78018171EDB7800BFE2E7 /* CommandFactory.cpp in Sources */ = {isa = PBXBuildFile; fileRef = BED78013171EDB7800BFE2E7 /* CommandFactory.cpp */; };
		BED78019171EDB7900BFE2E7 /* CommandFactory.h in Headers */ = {isa = PBXBuildFile; fileRef = BED78014171EDB7800BFE2E7 /* CommandFactory.h */; };
		BED7801A171EDB7900BFE2E7 /* CommandManager.h in Headers */ = {isa = PBXBuildFile; fileRef = BED78015171EDB7800BFE2E7 /* CommandManager.h */; };
		BED7801B171EDB7900BFE2E7 /* Exception.h in Headers */ = {isa = PBXBuildFile; fileRef = BED78016171EDB7800BFE2E7 /* Exception.h */; };
		BED7801F171EDF2800BFE2E7 /* IPass.h in Headers */ = {isa = PBXBuildFile; fileRef = BED7801C171EDF2800BFE2E7 /* IPass.h */; };
		BED78020171EDF2800BFE2E7 /* Pass.cpp in Sources */ = {isa = PBXBuildFile; fileRef = BED7801D171EDF2800BFE2E7 /* Pass.cpp */; };
		BED78021171EDF2800BFE2E7 /* Pass.h in Headers */ = {isa = PBXBuildFile; fileRef = BED7801E171EDF2800BFE2E7 /* Pass.h */; };
		BED7802B171EE20B00BFE2E7 /* SysmemBuffer.cpp in Sources */ = {isa = PBXBuildFile; fileRef = BED78029171EE20B00BFE2E7 /* SysmemBuffer.cpp */; };
		BED7802C171EE20B00BFE2E7 /* SysmemBuffer.h in Headers */ = {isa = PBXBuildFile; fileRef = BED7802A171EE20B00BFE2E7 /* SysmemBuffer.h */; };
		BED7802E171EE23100BFE2E7 /* Buffer.h in Headers */ = {isa = PBXBuildFile; fileRef = BED7802D171EE23100BFE2E7 /* Buffer.h */; };
		BED78030171EE27500BFE2E7 /* Object.h in Headers */ = {isa = PBXBuildFile; fileRef = BED7802F171EE27500BFE2E7 /* Object.h */; };
		BED78033171EE50800BFE2E7 /* ObjectManager.cpp in Sources */ = {isa = PBXBuildFile; fileRef = BED78031171EE50800BFE2E7 /* ObjectManager.cpp */; };
		BED78034171EE50800BFE2E7 /* ObjectManager.h in Headers */ = {isa = PBXBuildFile; fileRef = BED78032171EE50800BFE2E7 /* ObjectManager.h */; };
		BED78036171EE65100BFE2E7 /* Object.cpp in Sources */ = {isa = PBXBuildFile; fileRef = BED78035171EE65100BFE2E7 /* Object.cpp */; };
		BEE3FE0217183C5A00605D33 /* IManager.h in Headers */ = {isa = PBXBuildFile; fileRef = BEE3FDFD17183C5A00605D33 /* IManager.h */; };
		BEE3FE0317183C5A00605D33 /* ManagerFactory.cpp in Sources */ = {isa = PBXBuildFile; fileRef = BEE3FDFE17183C5A00605D33 /* ManagerFactory.cpp */; };
		BEE3FE0417183C5A00605D33 /* ManagerFactory.h in Headers */ = {isa = PBXBuildFile; fileRef = BEE3FDFF17183C5A00605D33 /* ManagerFactory.h */; };
/* End PBXBuildFile section */

/* Begin PBXFileReference section */
		BEA25D4C171D8D8A005349E5 /* OpenGLClear.cpp */ = {isa = PBXFileReference; fileEncoding = 4; lastKnownFileType = sourcecode.cpp.cpp; name = OpenGLClear.cpp; path = Command/OpenGLClear.cpp; sourceTree = "<group>"; };
		BEA25D4D171D8D8A005349E5 /* OpenGLClear.h */ = {isa = PBXFileReference; fileEncoding = 4; lastKnownFileType = sourcecode.c.h; name = OpenGLClear.h; path = Command/OpenGLClear.h; sourceTree = "<group>"; };
		BEA25D50171D8D97005349E5 /* OpenGLKeyboard.cpp */ = {isa = PBXFileReference; fileEncoding = 4; lastKnownFileType = sourcecode.cpp.cpp; name = OpenGLKeyboard.cpp; path = Input/OpenGLKeyboard.cpp; sourceTree = "<group>"; };
		BEA25D51171D8D97005349E5 /* OpenGLKeyboard.h */ = {isa = PBXFileReference; fileEncoding = 4; lastKnownFileType = sourcecode.c.h; name = OpenGLKeyboard.h; path = Input/OpenGLKeyboard.h; sourceTree = "<group>"; };
		BEA25D54171D8DA7005349E5 /* OpenGLManager.cpp */ = {isa = PBXFileReference; fileEncoding = 4; lastKnownFileType = sourcecode.cpp.cpp; path = OpenGLManager.cpp; sourceTree = "<group>"; };
		BEA25D55171D8DA7005349E5 /* OpenGLManager.h */ = {isa = PBXFileReference; fileEncoding = 4; lastKnownFileType = sourcecode.c.h; path = OpenGLManager.h; sourceTree = "<group>"; };
		BEA25D56171D8DA7005349E5 /* OpenGLTechniqueManager.cpp */ = {isa = PBXFileReference; fileEncoding = 4; lastKnownFileType = sourcecode.cpp.cpp; path = OpenGLTechniqueManager.cpp; sourceTree = "<group>"; };
		BEA25D57171D8DA7005349E5 /* OpenGLTechniqueManager.h */ = {isa = PBXFileReference; fileEncoding = 4; lastKnownFileType = sourcecode.c.h; path = OpenGLTechniqueManager.h; sourceTree = "<group>"; };
		BEA25D58171D8DA7005349E5 /* OpenGLWindow.cpp */ = {isa = PBXFileReference; fileEncoding = 4; lastKnownFileType = sourcecode.cpp.cpp; path = OpenGLWindow.cpp; sourceTree = "<group>"; };
		BEA25D59171D8DA7005349E5 /* OpenGLWindow.h */ = {isa = PBXFileReference; fileEncoding = 4; lastKnownFileType = sourcecode.c.h; path = OpenGLWindow.h; sourceTree = "<group>"; };
		BEA267D217201C3900E8A944 /* UUID.cpp */ = {isa = PBXFileReference; fileEncoding = 4; lastKnownFileType = sourcecode.cpp.cpp; path = UUID.cpp; sourceTree = "<group>"; };
		BEA267D417201C9000E8A944 /* UUID.h */ = {isa = PBXFileReference; fileEncoding = 4; lastKnownFileType = sourcecode.c.h; path = UUID.h; sourceTree = "<group>"; };
		BEA267D6172026CD00E8A944 /* IUnknown.h */ = {isa = PBXFileReference; fileEncoding = 4; lastKnownFileType = sourcecode.c.h; path = IUnknown.h; sourceTree = "<group>"; };
		BEA4458D171C36F500D62652 /* IKeyboard.h */ = {isa = PBXFileReference; fileEncoding = 4; lastKnownFileType = sourcecode.c.h; name = IKeyboard.h; path = Input/IKeyboard.h; sourceTree = "<group>"; };
		BEA44597171C392200D62652 /* TechniqueManager.cpp */ = {isa = PBXFileReference; fileEncoding = 4; lastKnownFileType = sourcecode.cpp.cpp; path = TechniqueManager.cpp; sourceTree = "<group>"; };
		BEA44598171C392200D62652 /* TechniqueManager.h */ = {isa = PBXFileReference; fileEncoding = 4; lastKnownFileType = sourcecode.c.h; path = TechniqueManager.h; sourceTree = "<group>"; };
		BEA4459B171C392900D62652 /* ITechniqueManager.h */ = {isa = PBXFileReference; fileEncoding = 4; lastKnownFileType = sourcecode.c.h; path = ITechniqueManager.h; sourceTree = "<group>"; };
		BEA445A4171C3BE100D62652 /* ITechnique.h */ = {isa = PBXFileReference; fileEncoding = 4; lastKnownFileType = sourcecode.c.h; name = ITechnique.h; path = User/ITechnique.h; sourceTree = "<group>"; };
		BEA445A5171C3BE100D62652 /* Technique.cpp */ = {isa = PBXFileReference; fileEncoding = 4; lastKnownFileType = sourcecode.cpp.cpp; name = Technique.cpp; path = User/Technique.cpp; sourceTree = "<group>"; };
		BEA445A6171C3BE100D62652 /* Technique.h */ = {isa = PBXFileReference; fileEncoding = 4; lastKnownFileType = sourcecode.c.h; name = Technique.h; path = User/Technique.h; sourceTree = "<group>"; };
		BEA445AB171C3D4A00D62652 /* IBase.h */ = {isa = PBXFileReference; fileEncoding = 4; lastKnownFileType = sourcecode.c.h; name = IBase.h; path = Command/IBase.h; sourceTree = "<group>"; };
		BEA445B2171C3FF500D62652 /* Clear.h */ = {isa = PBXFileReference; fileEncoding = 4; lastKnownFileType = sourcecode.c.h; name = Clear.h; path = Command/Clear.h; sourceTree = "<group>"; };
		BEA445B4171C48D100D62652 /* Window.cpp */ = {isa = PBXFileReference; fileEncoding = 4; lastKnownFileType = sourcecode.cpp.cpp; path = Window.cpp; sourceTree = "<group>"; };
		BEA445B5171C48D100D62652 /* Window.h */ = {isa = PBXFileReference; fileEncoding = 4; lastKnownFileType = sourcecode.c.h; path = Window.h; sourceTree = "<group>"; };
		BED78012171EDB7800BFE2E7 /* ClassID.h */ = {isa = PBXFileReference; fileEncoding = 4; lastKnownFileType = sourcecode.c.h; path = ClassID.h; sourceTree = "<group>"; };
		BED78013171EDB7800BFE2E7 /* CommandFactory.cpp */ = {isa = PBXFileReference; fileEncoding = 4; lastKnownFileType = sourcecode.cpp.cpp; path = CommandFactory.cpp; sourceTree = "<group>"; };
		BED78014171EDB7800BFE2E7 /* CommandFactory.h */ = {isa = PBXFileReference; fileEncoding = 4; lastKnownFileType = sourcecode.c.h; path = CommandFactory.h; sourceTree = "<group>"; };
		BED78015171EDB7800BFE2E7 /* CommandManager.h */ = {isa = PBXFileReference; fileEncoding = 4; lastKnownFileType = sourcecode.c.h; path = CommandManager.h; sourceTree = "<group>"; };
		BED78016171EDB7800BFE2E7 /* Exception.h */ = {isa = PBXFileReference; fileEncoding = 4; lastKnownFileType = sourcecode.c.h; path = Exception.h; sourceTree = "<group>"; };
		BED7801C171EDF2800BFE2E7 /* IPass.h */ = {isa = PBXFileReference; fileEncoding = 4; lastKnownFileType = sourcecode.c.h; name = IPass.h; path = User/IPass.h; sourceTree = "<group>"; };
		BED7801D171EDF2800BFE2E7 /* Pass.cpp */ = {isa = PBXFileReference; fileEncoding = 4; lastKnownFileType = sourcecode.cpp.cpp; name = Pass.cpp; path = User/Pass.cpp; sourceTree = "<group>"; };
		BED7801E171EDF2800BFE2E7 /* Pass.h */ = {isa = PBXFileReference; fileEncoding = 4; lastKnownFileType = sourcecode.c.h; name = Pass.h; path = User/Pass.h; sourceTree = "<group>"; };
		BED78029171EE20B00BFE2E7 /* SysmemBuffer.cpp */ = {isa = PBXFileReference; fileEncoding = 4; lastKnownFileType = sourcecode.cpp.cpp; name = SysmemBuffer.cpp; path = Resource/SysmemBuffer.cpp; sourceTree = "<group>"; };
		BED7802A171EE20B00BFE2E7 /* SysmemBuffer.h */ = {isa = PBXFileReference; fileEncoding = 4; lastKnownFileType = sourcecode.c.h; name = SysmemBuffer.h; path = Resource/SysmemBuffer.h; sourceTree = "<group>"; };
		BED7802D171EE23100BFE2E7 /* Buffer.h */ = {isa = PBXFileReference; fileEncoding = 4; lastKnownFileType = sourcecode.c.h; name = Buffer.h; path = Resource/Buffer.h; sourceTree = "<group>"; };
		BED7802F171EE27500BFE2E7 /* Object.h */ = {isa = PBXFileReference; fileEncoding = 4; lastKnownFileType = sourcecode.c.h; path = Object.h; sourceTree = "<group>"; };
		BED78031171EE50800BFE2E7 /* ObjectManager.cpp */ = {isa = PBXFileReference; fileEncoding = 4; lastKnownFileType = sourcecode.cpp.cpp; path = ObjectManager.cpp; sourceTree = "<group>"; };
		BED78032171EE50800BFE2E7 /* ObjectManager.h */ = {isa = PBXFileReference; fileEncoding = 4; lastKnownFileType = sourcecode.c.h; path = ObjectManager.h; sourceTree = "<group>"; };
		BED78035171EE65100BFE2E7 /* Object.cpp */ = {isa = PBXFileReference; fileEncoding = 4; lastKnownFileType = sourcecode.cpp.cpp; path = Object.cpp; sourceTree = "<group>"; };
		BEE3FDC917181D3400605D33 /* libLaser.a */ = {isa = PBXFileReference; explicitFileType = archive.ar; includeInIndex = 0; path = libLaser.a; sourceTree = BUILT_PRODUCTS_DIR; };
		BEE3FDFD17183C5A00605D33 /* IManager.h */ = {isa = PBXFileReference; fileEncoding = 4; lastKnownFileType = sourcecode.c.h; path = IManager.h; sourceTree = "<group>"; };
		BEE3FDFE17183C5A00605D33 /* ManagerFactory.cpp */ = {isa = PBXFileReference; fileEncoding = 4; lastKnownFileType = sourcecode.cpp.cpp; path = ManagerFactory.cpp; sourceTree = "<group>"; };
		BEE3FDFF17183C5A00605D33 /* ManagerFactory.h */ = {isa = PBXFileReference; fileEncoding = 4; lastKnownFileType = sourcecode.c.h; path = ManagerFactory.h; sourceTree = "<group>"; };
		BEE3FE0E171842B200605D33 /* IWindow.h */ = {isa = PBXFileReference; lastKnownFileType = sourcecode.c.h; path = IWindow.h; sourceTree = "<group>"; };
/* End PBXFileReference section */

/* Begin PBXFrameworksBuildPhase section */
		BEE3FDC617181D3400605D33 /* Frameworks */ = {
			isa = PBXFrameworksBuildPhase;
			buildActionMask = 2147483647;
			files = (
			);
			runOnlyForDeploymentPostprocessing = 0;
		};
/* End PBXFrameworksBuildPhase section */

/* Begin PBXGroup section */
		BEA4458B171C36E100D62652 /* Input */ = {
			isa = PBXGroup;
			children = (
				BEA4458D171C36F500D62652 /* IKeyboard.h */,
			);
			name = Input;
			sourceTree = "<group>";
		};
		BEA4458C171C36E900D62652 /* Input */ = {
			isa = PBXGroup;
			children = (
				BEA25D50171D8D97005349E5 /* OpenGLKeyboard.cpp */,
				BEA25D51171D8D97005349E5 /* OpenGLKeyboard.h */,
			);
			name = Input;
			sourceTree = "<group>";
		};
		BEA445A3171C3B0B00D62652 /* User */ = {
			isa = PBXGroup;
			children = (
				BED7801C171EDF2800BFE2E7 /* IPass.h */,
				BED7801D171EDF2800BFE2E7 /* Pass.cpp */,
				BED7801E171EDF2800BFE2E7 /* Pass.h */,
				BEA445A4171C3BE100D62652 /* ITechnique.h */,
				BEA445A5171C3BE100D62652 /* Technique.cpp */,
				BEA445A6171C3BE100D62652 /* Technique.h */,
			);
			name = User;
			sourceTree = "<group>";
		};
		BEA445AA171C3CE800D62652 /* Command */ = {
			isa = PBXGroup;
			children = (
				BEA445AB171C3D4A00D62652 /* IBase.h */,
				BEA445B2171C3FF500D62652 /* Clear.h */,
			);
			name = Command;
			sourceTree = "<group>";
		};
		BEA445AD171C3D7900D62652 /* Command */ = {
			isa = PBXGroup;
			children = (
				BEA25D4C171D8D8A005349E5 /* OpenGLClear.cpp */,
				BEA25D4D171D8D8A005349E5 /* OpenGLClear.h */,
			);
			name = Command;
			sourceTree = "<group>";
		};
		BED78022171EDFC800BFE2E7 /* Resource */ = {
			isa = PBXGroup;
			children = (
				BED78029171EE20B00BFE2E7 /* SysmemBuffer.cpp */,
				BED7802A171EE20B00BFE2E7 /* SysmemBuffer.h */,
				BED7802D171EE23100BFE2E7 /* Buffer.h */,
			);
			name = Resource;
			sourceTree = "<group>";
		};
		BEE3FDC017181D3400605D33 = {
			isa = PBXGroup;
			children = (
				BEE3FDE91718253A00605D33 /* Sources */,
				BEE3FDCA17181D3400605D33 /* Products */,
			);
			sourceTree = "<group>";
			usesTabs = 1;
		};
		BEE3FDCA17181D3400605D33 /* Products */ = {
			isa = PBXGroup;
			children = (
				BEE3FDC917181D3400605D33 /* libLaser.a */,
			);
			name = Products;
			sourceTree = "<group>";
		};
		BEE3FDE91718253A00605D33 /* Sources */ = {
			isa = PBXGroup;
			children = (
				BEE3FDF917183C5A00605D33 /* Laser */,
			);
			path = Sources;
			sourceTree = "<group>";
		};
		BEE3FDF917183C5A00605D33 /* Laser */ = {
			isa = PBXGroup;
			children = (
				BEE3FDFA17183C5A00605D33 /* Common */,
				BEE3FE0017183C5A00605D33 /* OpenGL */,
			);
			path = Laser;
			sourceTree = "<group>";
		};
		BEE3FDFA17183C5A00605D33 /* Common */ = {
			isa = PBXGroup;
			children = (
				BED78022171EDFC800BFE2E7 /* Resource */,
				BEA445AA171C3CE800D62652 /* Command */,
				BEA445A3171C3B0B00D62652 /* User */,
				BEA4458B171C36E100D62652 /* Input */,
				BEE3FDFC17183C5A00605D33 /* System */,
			);
			path = Common;
			sourceTree = "<group>";
		};
		BEE3FDFC17183C5A00605D33 /* System */ = {
			isa = PBXGroup;
			children = (
				BED78012171EDB7800BFE2E7 /* ClassID.h */,
				BED78013171EDB7800BFE2E7 /* CommandFactory.cpp */,
				BED78014171EDB7800BFE2E7 /* CommandFactory.h */,
				BED78015171EDB7800BFE2E7 /* CommandManager.h */,
				BED78016171EDB7800BFE2E7 /* Exception.h */,
				BEA4459B171C392900D62652 /* ITechniqueManager.h */,
				BEA44597171C392200D62652 /* TechniqueManager.cpp */,
				BEA44598171C392200D62652 /* TechniqueManager.h */,
				BEE3FDFD17183C5A00605D33 /* IManager.h */,
				BEE3FDFE17183C5A00605D33 /* ManagerFactory.cpp */,
				BEE3FDFF17183C5A00605D33 /* ManagerFactory.h */,
				BEE3FE0E171842B200605D33 /* IWindow.h */,
				BEA445B4171C48D100D62652 /* Window.cpp */,
				BEA445B5171C48D100D62652 /* Window.h */,
				BED7802F171EE27500BFE2E7 /* Object.h */,
				BED78035171EE65100BFE2E7 /* Object.cpp */,
				BED78031171EE50800BFE2E7 /* ObjectManager.cpp */,
				BED78032171EE50800BFE2E7 /* ObjectManager.h */,
				BEA267D217201C3900E8A944 /* UUID.cpp */,
				BEA267D417201C9000E8A944 /* UUID.h */,
				BEA267D6172026CD00E8A944 /* IUnknown.h */,
			);
			path = System;
			sourceTree = "<group>";
		};
		BEE3FE0017183C5A00605D33 /* OpenGL */ = {
			isa = PBXGroup;
			children = (
				BEA445AD171C3D7900D62652 /* Command */,
				BEA4458C171C36E900D62652 /* Input */,
				BEE3FE0617183D5400605D33 /* System */,
			);
			path = OpenGL;
			sourceTree = "<group>";
		};
		BEE3FE0617183D5400605D33 /* System */ = {
			isa = PBXGroup;
			children = (
				BEA25D54171D8DA7005349E5 /* OpenGLManager.cpp */,
				BEA25D55171D8DA7005349E5 /* OpenGLManager.h */,
				BEA25D56171D8DA7005349E5 /* OpenGLTechniqueManager.cpp */,
				BEA25D57171D8DA7005349E5 /* OpenGLTechniqueManager.h */,
				BEA25D58171D8DA7005349E5 /* OpenGLWindow.cpp */,
				BEA25D59171D8DA7005349E5 /* OpenGLWindow.h */,
			);
			path = System;
			sourceTree = "<group>";
		};
/* End PBXGroup section */

/* Begin PBXHeadersBuildPhase section */
		BEE3FDC717181D3400605D33 /* Headers */ = {
			isa = PBXHeadersBuildPhase;
			buildActionMask = 2147483647;
			files = (
				BEE3FE0217183C5A00605D33 /* IManager.h in Headers */,
				BEE3FE0417183C5A00605D33 /* ManagerFactory.h in Headers */,
				BEA4458E171C36F500D62652 /* IKeyboard.h in Headers */,
				BEA4459A171C392200D62652 /* TechniqueManager.h in Headers */,
				BEA4459C171C392900D62652 /* ITechniqueManager.h in Headers */,
				BEA445A7171C3BE100D62652 /* ITechnique.h in Headers */,
				BEA445A9171C3BE100D62652 /* Technique.h in Headers */,
				BEA445AC171C3D4A00D62652 /* IBase.h in Headers */,
				BEA445B3171C3FF500D62652 /* Clear.h in Headers */,
				BEA445B7171C48D200D62652 /* Window.h in Headers */,
				BEA25D4F171D8D8A005349E5 /* OpenGLClear.h in Headers */,
				BEA25D53171D8D97005349E5 /* OpenGLKeyboard.h in Headers */,
				BEA25D5B171D8DA7005349E5 /* OpenGLManager.h in Headers */,
				BEA25D5D171D8DA7005349E5 /* OpenGLTechniqueManager.h in Headers */,
				BEA25D5F171D8DA7005349E5 /* OpenGLWindow.h in Headers */,
				BED78017171EDB7800BFE2E7 /* ClassID.h in Headers */,
				BED78019171EDB7900BFE2E7 /* CommandFactory.h in Headers */,
				BED7801A171EDB7900BFE2E7 /* CommandManager.h in Headers */,
				BED7801B171EDB7900BFE2E7 /* Exception.h in Headers */,
				BED7801F171EDF2800BFE2E7 /* IPass.h in Headers */,
				BED78021171EDF2800BFE2E7 /* Pass.h in Headers */,
				BED7802C171EE20B00BFE2E7 /* SysmemBuffer.h in Headers */,
				BED7802E171EE23100BFE2E7 /* Buffer.h in Headers */,
				BED78030171EE27500BFE2E7 /* Object.h in Headers */,
				BED78034171EE50800BFE2E7 /* ObjectManager.h in Headers */,
				BEA267D517201C9000E8A944 /* UUID.h in Headers */,
				BEA267D7172026CD00E8A944 /* IUnknown.h in Headers */,
			);
			runOnlyForDeploymentPostprocessing = 0;
		};
/* End PBXHeadersBuildPhase section */

/* Begin PBXNativeTarget section */
		BEE3FDC817181D3400605D33 /* Laser */ = {
			isa = PBXNativeTarget;
			buildConfigurationList = BEE3FDCD17181D3400605D33 /* Build configuration list for PBXNativeTarget "Laser" */;
			buildPhases = (
				BEE3FDC517181D3400605D33 /* Sources */,
				BEE3FDC617181D3400605D33 /* Frameworks */,
				BEE3FDC717181D3400605D33 /* Headers */,
			);
			buildRules = (
			);
			dependencies = (
			);
			name = Laser;
			productName = Laser;
			productReference = BEE3FDC917181D3400605D33 /* libLaser.a */;
			productType = "com.apple.product-type.library.static";
		};
/* End PBXNativeTarget section */

/* Begin PBXProject section */
		BEE3FDC117181D3400605D33 /* Project object */ = {
			isa = PBXProject;
			attributes = {
				LastUpgradeCheck = 0460;
				ORGANIZATIONNAME = Koichiro;
			};
			buildConfigurationList = BEE3FDC417181D3400605D33 /* Build configuration list for PBXProject "Laser" */;
			compatibilityVersion = "Xcode 3.2";
			developmentRegion = English;
			hasScannedForEncodings = 0;
			knownRegions = (
				en,
			);
			mainGroup = BEE3FDC017181D3400605D33;
			productRefGroup = BEE3FDCA17181D3400605D33 /* Products */;
			projectDirPath = "";
			projectRoot = "";
			targets = (
				BEE3FDC817181D3400605D33 /* Laser */,
			);
		};
/* End PBXProject section */

/* Begin PBXSourcesBuildPhase section */
		BEE3FDC517181D3400605D33 /* Sources */ = {
			isa = PBXSourcesBuildPhase;
			buildActionMask = 2147483647;
			files = (
				BEE3FE0317183C5A00605D33 /* ManagerFactory.cpp in Sources */,
				BEA44599171C392200D62652 /* TechniqueManager.cpp in Sources */,
				BEA445A8171C3BE100D62652 /* Technique.cpp in Sources */,
				BEA445B6171C48D200D62652 /* Window.cpp in Sources */,
				BEA25D4E171D8D8A005349E5 /* OpenGLClear.cpp in Sources */,
				BEA25D52171D8D97005349E5 /* OpenGLKeyboard.cpp in Sources */,
				BEA25D5A171D8DA7005349E5 /* OpenGLManager.cpp in Sources */,
				BEA25D5C171D8DA7005349E5 /* OpenGLTechniqueManager.cpp in Sources */,
				BEA25D5E171D8DA7005349E5 /* OpenGLWindow.cpp in Sources */,
				BED78018171EDB7800BFE2E7 /* CommandFactory.cpp in Sources */,
				BED78020171EDF2800BFE2E7 /* Pass.cpp in Sources */,
				BED7802B171EE20B00BFE2E7 /* SysmemBuffer.cpp in Sources */,
				BED78033171EE50800BFE2E7 /* ObjectManager.cpp in Sources */,
				BED78036171EE65100BFE2E7 /* Object.cpp in Sources */,
				BEA267D317201C3900E8A944 /* UUID.cpp in Sources */,
			);
			runOnlyForDeploymentPostprocessing = 0;
		};
/* End PBXSourcesBuildPhase section */

/* Begin XCBuildConfiguration section */
		BEE3FDCB17181D3400605D33 /* Debug */ = {
			isa = XCBuildConfiguration;
			buildSettings = {
				ALWAYS_SEARCH_USER_PATHS = NO;
				ARCHS = "$(ARCHS_STANDARD_64_BIT)";
				CLANG_CXX_LANGUAGE_STANDARD = "gnu++0x";
				CLANG_CXX_LIBRARY = "libc++";
				CLANG_ENABLE_OBJC_ARC = YES;
				CLANG_WARN_CONSTANT_CONVERSION = YES;
				CLANG_WARN_EMPTY_BODY = YES;
				CLANG_WARN_ENUM_CONVERSION = YES;
				CLANG_WARN_INT_CONVERSION = YES;
				CLANG_WARN__DUPLICATE_METHOD_MATCH = YES;
				COPY_PHASE_STRIP = NO;
				GCC_C_LANGUAGE_STANDARD = gnu99;
				GCC_DYNAMIC_NO_PIC = NO;
				GCC_ENABLE_OBJC_EXCEPTIONS = YES;
				GCC_OPTIMIZATION_LEVEL = 0;
				GCC_PREPROCESSOR_DEFINITIONS = (
					"DEBUG=1",
					"$(inherited)",
				);
				GCC_SYMBOLS_PRIVATE_EXTERN = NO;
				GCC_VERSION = com.apple.compilers.llvmgcc42;
				GCC_WARN_64_TO_32_BIT_CONVERSION = YES;
				GCC_WARN_ABOUT_RETURN_TYPE = YES;
				GCC_WARN_UNINITIALIZED_AUTOS = YES;
				GCC_WARN_UNUSED_VARIABLE = YES;
				MACOSX_DEPLOYMENT_TARGET = 10.8;
				ONLY_ACTIVE_ARCH = YES;
				OTHER_CPLUSPLUSFLAGS = (
					"$(OTHER_CFLAGS)",
					"-I../TGUL/Sources",
					"-I/opt/local/include",
					"-I./Sources",
					"-I/usr/local/include",
				);
				SDKROOT = macosx;
			};
			name = Debug;
		};
		BEE3FDCC17181D3400605D33 /* Release */ = {
			isa = XCBuildConfiguration;
			buildSettings = {
				ALWAYS_SEARCH_USER_PATHS = NO;
				ARCHS = "$(ARCHS_STANDARD_64_BIT)";
				CLANG_CXX_LANGUAGE_STANDARD = "gnu++0x";
				CLANG_CXX_LIBRARY = "libc++";
				CLANG_ENABLE_OBJC_ARC = YES;
				CLANG_WARN_CONSTANT_CONVERSION = YES;
				CLANG_WARN_EMPTY_BODY = YES;
				CLANG_WARN_ENUM_CONVERSION = YES;
				CLANG_WARN_INT_CONVERSION = YES;
				CLANG_WARN__DUPLICATE_METHOD_MATCH = YES;
				COPY_PHASE_STRIP = YES;
				DEBUG_INFORMATION_FORMAT = "dwarf-with-dsym";
				GCC_C_LANGUAGE_STANDARD = gnu99;
				GCC_ENABLE_OBJC_EXCEPTIONS = YES;
				GCC_VERSION = com.apple.compilers.llvmgcc42;
				GCC_WARN_64_TO_32_BIT_CONVERSION = YES;
				GCC_WARN_ABOUT_RETURN_TYPE = YES;
				GCC_WARN_UNINITIALIZED_AUTOS = YES;
				GCC_WARN_UNUSED_VARIABLE = YES;
				MACOSX_DEPLOYMENT_TARGET = 10.8;
				OTHER_CPLUSPLUSFLAGS = (
					"$(OTHER_CFLAGS)",
					"-I../TGUL/Sources",
					"-I/opt/local/include",
					"-I./Sources",
					"-I/usr/local/include",
				);
				SDKROOT = macosx;
			};
			name = Release;
		};
		BEE3FDCE17181D3400605D33 /* Debug */ = {
			isa = XCBuildConfiguration;
			buildSettings = {
				DEPLOYMENT_LOCATION = NO;
				EXECUTABLE_PREFIX = lib;
				GCC_VERSION = com.apple.compilers.llvm.clang.1_0;
				PRODUCT_NAME = "$(TARGET_NAME)";
			};
			name = Debug;
		};
		BEE3FDCF17181D3400605D33 /* Release */ = {
			isa = XCBuildConfiguration;
			buildSettings = {
				DEPLOYMENT_LOCATION = NO;
				EXECUTABLE_PREFIX = lib;
				GCC_VERSION = com.apple.compilers.llvm.clang.1_0;
				PRODUCT_NAME = "$(TARGET_NAME)";
			};
			name = Release;
		};
/* End XCBuildConfiguration section */

/* Begin XCConfigurationList section */
		BEE3FDC417181D3400605D33 /* Build configuration list for PBXProject "Laser" */ = {
			isa = XCConfigurationList;
			buildConfigurations = (
				BEE3FDCB17181D3400605D33 /* Debug */,
				BEE3FDCC17181D3400605D33 /* Release */,
			);
			defaultConfigurationIsVisible = 0;
			defaultConfigurationName = Release;
		};
		BEE3FDCD17181D3400605D33 /* Build configuration list for PBXNativeTarget "Laser" */ = {
			isa = XCConfigurationList;
			buildConfigurations = (
				BEE3FDCE17181D3400605D33 /* Debug */,
				BEE3FDCF17181D3400605D33 /* Release */,
			);
			defaultConfigurationIsVisible = 0;
			defaultConfigurationName = Release;
		};
/* End XCConfigurationList section */
	};
	rootObject = BEE3FDC117181D3400605D33 /* Project object */;
}
