<?xml version="1.0" encoding="utf-8"?>
<Project ToolsVersion="4.0" xmlns="http://schemas.microsoft.com/developer/msbuild/2003">
  <ItemGroup>
    <Filter Include="ソース ファイル">
      <UniqueIdentifier>{4FC737F1-C7A5-4376-A066-2A32D752A2FF}</UniqueIdentifier>
      <Extensions>cpp;c;cc;cxx;def;odl;idl;hpj;bat;asm;asmx</Extensions>
    </Filter>
    <Filter Include="ヘッダー ファイル">
      <UniqueIdentifier>{93995380-89BD-4b04-88EB-625FBE52EBFB}</UniqueIdentifier>
      <Extensions>h;hpp;hxx;hm;inl;inc;xsd</Extensions>
    </Filter>
    <Filter Include="リソース ファイル">
      <UniqueIdentifier>{67DA6AB6-F800-4c08-8B7A-83BB121AAD01}</UniqueIdentifier>
      <Extensions>rc;ico;cur;bmp;dlg;rc2;rct;bin;rgs;gif;jpg;jpeg;jpe;resx;tiff;tif;png;wav;mfcribbon-ms</Extensions>
    </Filter>
    <Filter Include="ソース ファイル\Common">
      <UniqueIdentifier>{4b31dae3-9f8b-47e1-82b3-ba2aa530b7e2}</UniqueIdentifier>
    </Filter>
    <Filter Include="ソース ファイル\OpenGL">
      <UniqueIdentifier>{536ea622-b0ce-4010-961e-96a9babc0ff1}</UniqueIdentifier>
    </Filter>
    <Filter Include="ソース ファイル\OpenGL\System">
      <UniqueIdentifier>{92d90b44-b03e-4a46-8eca-29a25c5f3cfc}</UniqueIdentifier>
    </Filter>
    <Filter Include="ソース ファイル\Common\System">
      <UniqueIdentifier>{fa591dcd-f54f-431f-90ab-4040ecf25834}</UniqueIdentifier>
    </Filter>
    <Filter Include="ソース ファイル\Common\Input">
      <UniqueIdentifier>{a1c19b08-f327-4171-b807-a387f9e0d519}</UniqueIdentifier>
    </Filter>
    <Filter Include="ソース ファイル\OpenGL\Input">
      <UniqueIdentifier>{8f551ebf-b1bb-4197-9613-8ef07639b7bc}</UniqueIdentifier>
    </Filter>
  </ItemGroup>
  <ItemGroup>
    <Text Include="ReadMe.txt" />
  </ItemGroup>
  <ItemGroup>
    <ClInclude Include="..\..\Sources\Laser\OpenGL\System\Manager.h">
      <Filter>ソース ファイル\OpenGL\System</Filter>
    </ClInclude>
    <ClInclude Include="..\..\Sources\Laser\OpenGL\System\Window.h">
      <Filter>ソース ファイル\OpenGL\System</Filter>
    </ClInclude>
    <ClInclude Include="..\..\Sources\Laser\Common\System\IManager.h">
      <Filter>ソース ファイル\Common\System</Filter>
    </ClInclude>
    <ClInclude Include="..\..\Sources\Laser\Common\System\IWindow.h">
      <Filter>ソース ファイル\Common\System</Filter>
    </ClInclude>
    <ClInclude Include="..\..\Sources\Laser\Common\System\ManagerFactory.h">
      <Filter>ソース ファイル\Common\System</Filter>
    </ClInclude>
    <ClInclude Include="..\..\Sources\Laser\Common\Input\IKeyboard.h">
      <Filter>ソース ファイル\Common\Input</Filter>
    </ClInclude>
    <ClInclude Include="..\..\Sources\Laser\OpenGL\Input\Keyboard.h">
      <Filter>ソース ファイル\OpenGL\Input</Filter>
    </ClInclude>
    <ClInclude Include="..\..\Sources\Laser\Common\System\ITechniqueManager.h">
      <Filter>ソース ファイル\Common\System</Filter>
    </ClInclude>
    <ClInclude Include="..\..\Sources\Laser\OpenGL\System\TechniqueManager.h">
      <Filter>ソース ファイル\OpenGL\System</Filter>
    </ClInclude>
    <ClInclude Include="..\..\Sources\Laser\Common\System\TechniqueManager.h">
      <Filter>ソース ファイル\Common\System</Filter>
    </ClInclude>
  </ItemGroup>
  <ItemGroup>
    <ClCompile Include="..\..\Sources\Laser\OpenGL\System\Manager.cpp">
      <Filter>ソース ファイル\OpenGL\System</Filter>
    </ClCompile>
    <ClCompile Include="..\..\Sources\Laser\OpenGL\System\Window.cpp">
      <Filter>ソース ファイル\OpenGL\System</Filter>
    </ClCompile>
    <ClCompile Include="..\..\Sources\Laser\Common\System\ManagerFactory.cpp">
      <Filter>ソース ファイル\Common\System</Filter>
    </ClCompile>
    <ClCompile Include="..\..\Sources\Laser\OpenGL\Input\Keyboard.cpp">
      <Filter>ソース ファイル\OpenGL\Input</Filter>
    </ClCompile>
    <ClCompile Include="..\..\Sources\Laser\OpenGL\System\TechniqueManager.cpp">
      <Filter>ソース ファイル\OpenGL\System</Filter>
    </ClCompile>
    <ClCompile Include="..\..\Sources\Laser\Common\System\TechniqueManager.cpp">
      <Filter>ソース ファイル\Common\System</Filter>
    </ClCompile>
  </ItemGroup>
</Project>