<?xml version="1.0" encoding="utf-8"?>
<Project ToolsVersion="4.0" xmlns="http://schemas.microsoft.com/developer/msbuild/2003">
  <ItemGroup>
    <Filter Include="ソース ファイル">
      <UniqueIdentifier>{4FC737F1-C7A5-4376-A066-2A32D752A2FF}</UniqueIdentifier>
      <Extensions>cpp;c;cc;cxx;def;odl;idl;hpj;bat;asm;asmx</Extensions>
    </Filter>
    <Filter Include="ヘッダー ファイル">
      <UniqueIdentifier>{93995380-89BD-4b04-88EB-625FBE52EBFB}</UniqueIdentifier>
      <Extensions>h;hpp;hxx;hm;inl;inc;xsd</Extensions>
    </Filter>
    <Filter Include="リソース ファイル">
      <UniqueIdentifier>{67DA6AB6-F800-4c08-8B7A-83BB121AAD01}</UniqueIdentifier>
      <Extensions>rc;ico;cur;bmp;dlg;rc2;rct;bin;rgs;gif;jpg;jpeg;jpe;resx;tiff;tif;png;wav;mfcribbon-ms</Extensions>
    </Filter>
    <Filter Include="ソース ファイル\Common">
      <UniqueIdentifier>{4b31dae3-9f8b-47e1-82b3-ba2aa530b7e2}</UniqueIdentifier>
    </Filter>
    <Filter Include="ソース ファイル\OpenGL">
      <UniqueIdentifier>{536ea622-b0ce-4010-961e-96a9babc0ff1}</UniqueIdentifier>
    </Filter>
    <Filter Include="ソース ファイル\OpenGL\System">
      <UniqueIdentifier>{92d90b44-b03e-4a46-8eca-29a25c5f3cfc}</UniqueIdentifier>
    </Filter>
    <Filter Include="ソース ファイル\Common\System">
      <UniqueIdentifier>{fa591dcd-f54f-431f-90ab-4040ecf25834}</UniqueIdentifier>
    </Filter>
    <Filter Include="ソース ファイル\Common\Input">
      <UniqueIdentifier>{a1c19b08-f327-4171-b807-a387f9e0d519}</UniqueIdentifier>
    </Filter>
    <Filter Include="ソース ファイル\OpenGL\Input">
      <UniqueIdentifier>{8f551ebf-b1bb-4197-9613-8ef07639b7bc}</UniqueIdentifier>
    </Filter>
    <Filter Include="ソース ファイル\Common\User">
      <UniqueIdentifier>{9bafa781-01c5-44f9-b5ff-2c93bb65de3c}</UniqueIdentifier>
    </Filter>
    <Filter Include="ソース ファイル\Common\Command">
      <UniqueIdentifier>{175da870-9b92-461a-ab26-35631c72cf8c}</UniqueIdentifier>
    </Filter>
    <Filter Include="ソース ファイル\OpenGL\Command">
      <UniqueIdentifier>{de91d3eb-4a5c-4306-b872-33496326b4b7}</UniqueIdentifier>
    </Filter>
    <Filter Include="ソース ファイル\Common\Resource">
      <UniqueIdentifier>{4a0f4694-6768-4c7a-8eb4-4de6ac00fe20}</UniqueIdentifier>
    </Filter>
    <Filter Include="ソース ファイル\Common\Global">
      <UniqueIdentifier>{0aa05084-acb2-4b3d-9a55-b3fa37699361}</UniqueIdentifier>
    </Filter>
  </ItemGroup>
  <ItemGroup>
    <Text Include="ReadMe.txt" />
  </ItemGroup>
  <ItemGroup>
    <ClInclude Include="..\..\Sources\Laser\Common\System\IManager.h">
      <Filter>ソース ファイル\Common\System</Filter>
    </ClInclude>
    <ClInclude Include="..\..\Sources\Laser\Common\System\IWindow.h">
      <Filter>ソース ファイル\Common\System</Filter>
    </ClInclude>
    <ClInclude Include="..\..\Sources\Laser\Common\System\ManagerFactory.h">
      <Filter>ソース ファイル\Common\System</Filter>
    </ClInclude>
    <ClInclude Include="..\..\Sources\Laser\Common\Input\IKeyboard.h">
      <Filter>ソース ファイル\Common\Input</Filter>
    </ClInclude>
    <ClInclude Include="..\..\Sources\Laser\Common\System\ITechniqueManager.h">
      <Filter>ソース ファイル\Common\System</Filter>
    </ClInclude>
    <ClInclude Include="..\..\Sources\Laser\Common\System\TechniqueManager.h">
      <Filter>ソース ファイル\Common\System</Filter>
    </ClInclude>
    <ClInclude Include="..\..\Sources\Laser\Common\Command\Clear.h">
      <Filter>ソース ファイル\Common\Command</Filter>
    </ClInclude>
    <ClInclude Include="..\..\Sources\Laser\Common\Command\IBase.h">
      <Filter>ソース ファイル\Common\Command</Filter>
    </ClInclude>
    <ClInclude Include="..\..\Sources\Laser\Common\User\ITechnique.h">
      <Filter>ソース ファイル\Common\User</Filter>
    </ClInclude>
    <ClInclude Include="..\..\Sources\Laser\Common\User\Technique.h">
      <Filter>ソース ファイル\Common\User</Filter>
    </ClInclude>
    <ClInclude Include="..\..\Sources\Laser\Common\System\Window.h">
      <Filter>ソース ファイル\Common\System</Filter>
    </ClInclude>
    <ClInclude Include="..\..\Sources\Laser\OpenGL\System\OpenGLTechniqueManager.h">
      <Filter>ソース ファイル\OpenGL\System</Filter>
    </ClInclude>
    <ClInclude Include="..\..\Sources\Laser\OpenGL\System\OpenGLWindow.h">
      <Filter>ソース ファイル\OpenGL\System</Filter>
    </ClInclude>
    <ClInclude Include="..\..\Sources\Laser\OpenGL\System\OpenGLManager.h">
      <Filter>ソース ファイル\OpenGL\System</Filter>
    </ClInclude>
    <ClInclude Include="..\..\Sources\Laser\OpenGL\Command\OpenGLClear.h">
      <Filter>ソース ファイル\OpenGL\Command</Filter>
    </ClInclude>
    <ClInclude Include="..\..\Sources\Laser\OpenGL\Input\OpenGLKeyboard.h">
      <Filter>ソース ファイル\OpenGL\Input</Filter>
    </ClInclude>
    <ClInclude Include="..\..\Sources\Laser\Common\User\IPass.h">
      <Filter>ソース ファイル\Common\User</Filter>
    </ClInclude>
    <ClInclude Include="..\..\Sources\Laser\Common\User\Pass.h">
      <Filter>ソース ファイル\Common\User</Filter>
    </ClInclude>
    <ClInclude Include="..\..\Sources\Laser\Common\System\CommandFactory.h">
      <Filter>ソース ファイル\Common\System</Filter>
    </ClInclude>
    <ClInclude Include="..\..\Sources\Laser\Common\System\ClassID.h">
      <Filter>ソース ファイル\Common\System</Filter>
    </ClInclude>
    <ClInclude Include="..\..\Sources\Laser\Common\System\Exception.h">
      <Filter>ソース ファイル\Common\System</Filter>
    </ClInclude>
    <ClInclude Include="..\..\Sources\Laser\Common\Resource\Buffer.h">
      <Filter>ソース ファイル\Common\Resource</Filter>
    </ClInclude>
    <ClInclude Include="..\..\Sources\Laser\Common\Resource\SysmemBuffer.h">
      <Filter>ソース ファイル\Common\Resource</Filter>
    </ClInclude>
    <ClInclude Include="..\..\Sources\Laser\Common\System\IUnknown.h">
      <Filter>ソース ファイル\Common\System</Filter>
    </ClInclude>
    <ClInclude Include="..\..\Sources\Laser\Common\System\Object.h">
      <Filter>ソース ファイル\Common\System</Filter>
    </ClInclude>
    <ClInclude Include="..\..\Sources\Laser\Common\System\ObjectManager.h">
      <Filter>ソース ファイル\Common\System</Filter>
    </ClInclude>
    <ClInclude Include="..\..\Sources\Laser\Common\System\UUID.h">
      <Filter>ソース ファイル\Common\System</Filter>
    </ClInclude>
    <ClInclude Include="..\..\Sources\Laser\Common\Global\Platform.h">
      <Filter>ソース ファイル\Common\Global</Filter>
    </ClInclude>
    <ClInclude Include="..\..\Sources\Laser\Common\Resource\BufferFactory.h">
      <Filter>ソース ファイル\Common\Resource</Filter>
    </ClInclude>
    <ClInclude Include="..\..\Sources\Laser\Common\Global\Macros.h">
      <Filter>ソース ファイル\Common\Global</Filter>
    </ClInclude>
  </ItemGroup>
  <ItemGroup>
    <ClCompile Include="..\..\Sources\Laser\Common\System\ManagerFactory.cpp">
      <Filter>ソース ファイル\Common\System</Filter>
    </ClCompile>
    <ClCompile Include="..\..\Sources\Laser\Common\System\TechniqueManager.cpp">
      <Filter>ソース ファイル\Common\System</Filter>
    </ClCompile>
    <ClCompile Include="..\..\Sources\Laser\Common\User\Technique.cpp">
      <Filter>ソース ファイル\Common\User</Filter>
    </ClCompile>
    <ClCompile Include="..\..\Sources\Laser\Common\System\Window.cpp">
      <Filter>ソース ファイル\Common\System</Filter>
    </ClCompile>
    <ClCompile Include="..\..\Sources\Laser\OpenGL\System\OpenGLTechniqueManager.cpp">
      <Filter>ソース ファイル\OpenGL\System</Filter>
    </ClCompile>
    <ClCompile Include="..\..\Sources\Laser\OpenGL\System\OpenGLWindow.cpp">
      <Filter>ソース ファイル\OpenGL\System</Filter>
    </ClCompile>
    <ClCompile Include="..\..\Sources\Laser\OpenGL\System\OpenGLManager.cpp">
      <Filter>ソース ファイル\OpenGL\System</Filter>
    </ClCompile>
    <ClCompile Include="..\..\Sources\Laser\OpenGL\Command\OpenGLClear.cpp">
      <Filter>ソース ファイル\OpenGL\Command</Filter>
    </ClCompile>
    <ClCompile Include="..\..\Sources\Laser\OpenGL\Input\OpenGLKeyboard.cpp">
      <Filter>ソース ファイル\OpenGL\Input</Filter>
    </ClCompile>
    <ClCompile Include="..\..\Sources\Laser\Common\User\Pass.cpp">
      <Filter>ソース ファイル\Common\User</Filter>
    </ClCompile>
    <ClCompile Include="..\..\Sources\Laser\Common\System\CommandFactory.cpp">
      <Filter>ソース ファイル\Common\System</Filter>
    </ClCompile>
    <ClCompile Include="..\..\Sources\Laser\Common\Resource\SysmemBuffer.cpp">
      <Filter>ソース ファイル\Common\Resource</Filter>
    </ClCompile>
    <ClCompile Include="..\..\Sources\Laser\Common\System\Object.cpp">
      <Filter>ソース ファイル\Common\System</Filter>
    </ClCompile>
    <ClCompile Include="..\..\Sources\Laser\Common\System\ObjectManager.cpp">
      <Filter>ソース ファイル\Common\System</Filter>
    </ClCompile>
    <ClCompile Include="..\..\Sources\Laser\Common\System\UUID.cpp">
      <Filter>ソース ファイル\Common\System</Filter>
    </ClCompile>
    <ClCompile Include="..\..\Sources\Laser\Common\Resource\BufferFactory.cpp">
      <Filter>ソース ファイル\Common\Resource</Filter>
    </ClCompile>
  </ItemGroup>
</Project>