<?xml version="1.0" encoding="utf-8"?>
<Project ToolsVersion="4.0" xmlns="http://schemas.microsoft.com/developer/msbuild/2003">
  <ItemGroup>
    <Filter Include="ソース ファイル">
      <UniqueIdentifier>{4FC737F1-C7A5-4376-A066-2A32D752A2FF}</UniqueIdentifier>
      <Extensions>cpp;c;cc;cxx;def;odl;idl;hpj;bat;asm;asmx</Extensions>
    </Filter>
    <Filter Include="ヘッダー ファイル">
      <UniqueIdentifier>{93995380-89BD-4b04-88EB-625FBE52EBFB}</UniqueIdentifier>
      <Extensions>h;hpp;hxx;hm;inl;inc;xsd</Extensions>
    </Filter>
    <Filter Include="リソース ファイル">
      <UniqueIdentifier>{67DA6AB6-F800-4c08-8B7A-83BB121AAD01}</UniqueIdentifier>
      <Extensions>rc;ico;cur;bmp;dlg;rc2;rct;bin;rgs;gif;jpg;jpeg;jpe;resx;tiff;tif;png;wav;mfcribbon-ms</Extensions>
    </Filter>
    <Filter Include="ソース ファイル\Common">
      <UniqueIdentifier>{3f27e9dc-effc-4991-b211-a314e7d574d6}</UniqueIdentifier>
    </Filter>
    <Filter Include="ソース ファイル\OpenGL">
      <UniqueIdentifier>{2b45375d-dc74-438f-ae95-3e04d68b9c57}</UniqueIdentifier>
    </Filter>
  </ItemGroup>
  <ItemGroup>
    <Text Include="ReadMe.txt" />
  </ItemGroup>
  <ItemGroup>
    <ClInclude Include="..\..\Sources\Laser\common\BufferFactory.h">
      <Filter>ソース ファイル\Common</Filter>
    </ClInclude>
    <ClInclude Include="..\..\Sources\Laser\common\CommandFactory.h">
      <Filter>ソース ファイル\Common</Filter>
    </ClInclude>
    <ClInclude Include="..\..\Sources\Laser\OpenGL\OpenGLClear.h">
      <Filter>ソース ファイル\OpenGL</Filter>
    </ClInclude>
    <ClInclude Include="..\..\Sources\Laser\OpenGL\OpenGLGraphicsManager.h">
      <Filter>ソース ファイル\OpenGL</Filter>
    </ClInclude>
    <ClInclude Include="..\..\Sources\Laser\OpenGL\OpenGLKeyboard.h">
      <Filter>ソース ファイル\OpenGL</Filter>
    </ClInclude>
    <ClInclude Include="..\..\Sources\Laser\OpenGL\OpenGLResourceManager.h">
      <Filter>ソース ファイル\OpenGL</Filter>
    </ClInclude>
    <ClInclude Include="..\..\Sources\Laser\OpenGL\OpenGLTechniqueManager.h">
      <Filter>ソース ファイル\OpenGL</Filter>
    </ClInclude>
    <ClInclude Include="..\..\Sources\Laser\OpenGL\OpenGLWindow.h">
      <Filter>ソース ファイル\OpenGL</Filter>
    </ClInclude>
    <ClInclude Include="..\..\include\Laser\Buffer.h">
      <Filter>ヘッダー ファイル</Filter>
    </ClInclude>
    <ClInclude Include="..\..\include\Laser\ClassID.h">
      <Filter>ヘッダー ファイル</Filter>
    </ClInclude>
    <ClInclude Include="..\..\include\Laser\Clear.h">
      <Filter>ヘッダー ファイル</Filter>
    </ClInclude>
    <ClInclude Include="..\..\include\Laser\Exception.h">
      <Filter>ヘッダー ファイル</Filter>
    </ClInclude>
    <ClInclude Include="..\..\include\Laser\GraphicsManager.h">
      <Filter>ヘッダー ファイル</Filter>
    </ClInclude>
    <ClInclude Include="..\..\include\Laser\IBase.h">
      <Filter>ヘッダー ファイル</Filter>
    </ClInclude>
    <ClInclude Include="..\..\include\Laser\IGraphicsManager.h">
      <Filter>ヘッダー ファイル</Filter>
    </ClInclude>
    <ClInclude Include="..\..\include\Laser\IKeyboard.h">
      <Filter>ヘッダー ファイル</Filter>
    </ClInclude>
    <ClInclude Include="..\..\include\Laser\IPass.h">
      <Filter>ヘッダー ファイル</Filter>
    </ClInclude>
    <ClInclude Include="..\..\include\Laser\IResourceManager.h">
      <Filter>ヘッダー ファイル</Filter>
    </ClInclude>
    <ClInclude Include="..\..\include\Laser\ITechnique.h">
      <Filter>ヘッダー ファイル</Filter>
    </ClInclude>
    <ClInclude Include="..\..\include\Laser\ITechniqueManager.h">
      <Filter>ヘッダー ファイル</Filter>
    </ClInclude>
    <ClInclude Include="..\..\include\Laser\IUnknown.h">
      <Filter>ヘッダー ファイル</Filter>
    </ClInclude>
    <ClInclude Include="..\..\include\Laser\IVertexDeclare.h">
      <Filter>ヘッダー ファイル</Filter>
    </ClInclude>
    <ClInclude Include="..\..\include\Laser\IWindow.h">
      <Filter>ヘッダー ファイル</Filter>
    </ClInclude>
    <ClInclude Include="..\..\include\Laser\Macros.h">
      <Filter>ヘッダー ファイル</Filter>
    </ClInclude>
    <ClInclude Include="..\..\include\Laser\ManagerFactory.h">
      <Filter>ヘッダー ファイル</Filter>
    </ClInclude>
    <ClInclude Include="..\..\include\Laser\Object.h">
      <Filter>ヘッダー ファイル</Filter>
    </ClInclude>
    <ClInclude Include="..\..\include\Laser\ObjectManager.h">
      <Filter>ヘッダー ファイル</Filter>
    </ClInclude>
    <ClInclude Include="..\..\include\Laser\Pass.h">
      <Filter>ヘッダー ファイル</Filter>
    </ClInclude>
    <ClInclude Include="..\..\include\Laser\Platform.h">
      <Filter>ヘッダー ファイル</Filter>
    </ClInclude>
    <ClInclude Include="..\..\include\Laser\ResourceManager.h">
      <Filter>ヘッダー ファイル</Filter>
    </ClInclude>
    <ClInclude Include="..\..\include\Laser\SysmemBuffer.h">
      <Filter>ヘッダー ファイル</Filter>
    </ClInclude>
    <ClInclude Include="..\..\include\Laser\Technique.h">
      <Filter>ヘッダー ファイル</Filter>
    </ClInclude>
    <ClInclude Include="..\..\include\Laser\TechniqueManager.h">
      <Filter>ヘッダー ファイル</Filter>
    </ClInclude>
    <ClInclude Include="..\..\include\Laser\UUID.h">
      <Filter>ヘッダー ファイル</Filter>
    </ClInclude>
    <ClInclude Include="..\..\include\Laser\VertexDeclare.h">
      <Filter>ヘッダー ファイル</Filter>
    </ClInclude>
    <ClInclude Include="..\..\include\Laser\Window.h">
      <Filter>ヘッダー ファイル</Filter>
    </ClInclude>
    <ClInclude Include="..\..\Sources\Laser\OpenGL\OpenGLFragmentShader.h">
      <Filter>ソース ファイル\OpenGL</Filter>
    </ClInclude>
    <ClInclude Include="..\..\Sources\Laser\OpenGL\OpenGLVertexShader.h">
      <Filter>ソース ファイル\OpenGL</Filter>
    </ClInclude>
    <ClInclude Include="..\..\include\Laser\IShader.h">
      <Filter>ヘッダー ファイル</Filter>
    </ClInclude>
    <ClInclude Include="..\..\Sources\Laser\OpenGL\OpenGLShaderFactory.h">
      <Filter>ソース ファイル\OpenGL</Filter>
    </ClInclude>
    <ClInclude Include="..\..\include\Laser\Shader.h">
      <Filter>ヘッダー ファイル</Filter>
    </ClInclude>
  </ItemGroup>
  <ItemGroup>
    <ClCompile Include="..\..\Sources\Laser\OpenGL\OpenGLClear.cpp">
      <Filter>ソース ファイル\OpenGL</Filter>
    </ClCompile>
    <ClCompile Include="..\..\Sources\Laser\OpenGL\OpenGLGraphicsManager.cpp">
      <Filter>ソース ファイル\OpenGL</Filter>
    </ClCompile>
    <ClCompile Include="..\..\Sources\Laser\OpenGL\OpenGLKeyboard.cpp">
      <Filter>ソース ファイル\OpenGL</Filter>
    </ClCompile>
    <ClCompile Include="..\..\Sources\Laser\OpenGL\OpenGLResourceManager.cpp">
      <Filter>ソース ファイル\OpenGL</Filter>
    </ClCompile>
    <ClCompile Include="..\..\Sources\Laser\OpenGL\OpenGLTechniqueManager.cpp">
      <Filter>ソース ファイル\OpenGL</Filter>
    </ClCompile>
    <ClCompile Include="..\..\Sources\Laser\OpenGL\OpenGLWindow.cpp">
      <Filter>ソース ファイル\OpenGL</Filter>
    </ClCompile>
    <ClCompile Include="..\..\Sources\Laser\common\BufferFactory.cpp">
      <Filter>ソース ファイル\Common</Filter>
    </ClCompile>
    <ClCompile Include="..\..\Sources\Laser\common\CommandFactory.cpp">
      <Filter>ソース ファイル\Common</Filter>
    </ClCompile>
    <ClCompile Include="..\..\Sources\Laser\common\GraphicsManager.cpp">
      <Filter>ソース ファイル\Common</Filter>
    </ClCompile>
    <ClCompile Include="..\..\Sources\Laser\common\ManagerFactory.cpp">
      <Filter>ソース ファイル\Common</Filter>
    </ClCompile>
    <ClCompile Include="..\..\Sources\Laser\common\Object.cpp">
      <Filter>ソース ファイル\Common</Filter>
    </ClCompile>
    <ClCompile Include="..\..\Sources\Laser\common\ObjectManager.cpp">
      <Filter>ソース ファイル\Common</Filter>
    </ClCompile>
    <ClCompile Include="..\..\Sources\Laser\common\Pass.cpp">
      <Filter>ソース ファイル\Common</Filter>
    </ClCompile>
    <ClCompile Include="..\..\Sources\Laser\common\ResourceManager.cpp">
      <Filter>ソース ファイル\Common</Filter>
    </ClCompile>
    <ClCompile Include="..\..\Sources\Laser\common\SysmemBuffer.cpp">
      <Filter>ソース ファイル\Common</Filter>
    </ClCompile>
    <ClCompile Include="..\..\Sources\Laser\common\Technique.cpp">
      <Filter>ソース ファイル\Common</Filter>
    </ClCompile>
    <ClCompile Include="..\..\Sources\Laser\common\TechniqueManager.cpp">
      <Filter>ソース ファイル\Common</Filter>
    </ClCompile>
    <ClCompile Include="..\..\Sources\Laser\common\UUID.cpp">
      <Filter>ソース ファイル\Common</Filter>
    </ClCompile>
    <ClCompile Include="..\..\Sources\Laser\common\VertexDeclare.cpp">
      <Filter>ソース ファイル\Common</Filter>
    </ClCompile>
    <ClCompile Include="..\..\Sources\Laser\common\Window.cpp">
      <Filter>ソース ファイル\Common</Filter>
    </ClCompile>
    <ClCompile Include="..\..\Sources\Laser\common\Buffer.cpp">
      <Filter>ソース ファイル\Common</Filter>
    </ClCompile>
    <ClCompile Include="..\..\Sources\Laser\OpenGL\OpenGLFragmentShader.cpp">
      <Filter>ソース ファイル\OpenGL</Filter>
    </ClCompile>
    <ClCompile Include="..\..\Sources\Laser\OpenGL\OpenGLVertexShader.cpp">
      <Filter>ソース ファイル\OpenGL</Filter>
    </ClCompile>
    <ClCompile Include="..\..\Sources\Laser\OpenGL\OpenGLShaderFactory.cpp">
      <Filter>ソース ファイル\OpenGL</Filter>
    </ClCompile>
  </ItemGroup>
</Project>